
Microsoft Visual Studio Solution File, Format Version 12.00
# Visual Studio Version 17
VisualStudioVersion = 17.9.34607.119
MinimumVisualStudioVersion = 10.0.40219.1
Project("{2150E333-8FDC-42A3-9474-1A3956D46DE8}") = "Shared", "Shared", "{4A8B9B08-825C-4EFC-B1D8-F732F7BECF7D}"
	ProjectSection(SolutionItems) = preProject
		Shared\GlobalAssemblyInfo.cs = Shared\GlobalAssemblyInfo.cs
	EndProjectSection
EndProject
Project("{2150E333-8FDC-42A3-9474-1A3956D46DE8}") = "Component", "Component", "{706F840F-ED9B-4430-AC6D-C14346F13B0E}"
EndProject
Project("{2150E333-8FDC-42A3-9474-1A3956D46DE8}") = "Library", "Library", "{5E8BEC2E-E812-453F-A292-FD91C9EC9E7E}"
EndProject
Project("{2150E333-8FDC-42A3-9474-1A3956D46DE8}") = "Worker", "Worker", "{76A35511-BA98-455C-9CC8-762E6D2E0791}"
EndProject
Project("{FAE04EC0-301F-11D3-BF4B-00C04F79EFBC}") = "YuLinTuTool", "Worker\YuLinTuTool.csproj", "{30B6B23A-3DFA-4495-A50E-0FC239DD4A47}"
EndProject
Project("{2150E333-8FDC-42A3-9474-1A3956D46DE8}") = "ComponentTask", "ComponentTask", "{19BBA784-0A40-4E8A-9DCA-B60EBE900ACB}"
EndProject
Project("{FAE04EC0-301F-11D3-BF4B-00C04F79EFBC}") = "YuLinTu.Component.Account", "Component\YuLinTu.Component.Account\YuLinTu.Component.Account.csproj", "{563041F8-FBDA-40FD-9E27-3D65DDE6C42C}"
EndProject
Project("{FAE04EC0-301F-11D3-BF4B-00C04F79EFBC}") = "YuLinTu.Component.VectorDataDecoding", "Component\YuLinTu.Component.VectorDataDecoding\YuLinTu.Component.VectorDataDecoding.csproj", "{F6BBAB1A-73B6-4C0C-95B1-198A2794820D}"
EndProject
Project("{FAE04EC0-301F-11D3-BF4B-00C04F79EFBC}") = "VectorDataDecodingTest", "Tests\VectorDataDecodingTest\VectorDataDecodingTest.csproj", "{394146D6-CC21-4547-BE3E-B510FCDDE220}"
EndProject
Global
	GlobalSection(SolutionConfigurationPlatforms) = preSolution
		Debug|Any CPU = Debug|Any CPU
		Debug|Mixed Platforms = Debug|Mixed Platforms
		Debug|x64 = Debug|x64
		Debug|x86 = Debug|x86
		Release|Any CPU = Release|Any CPU
		Release|Mixed Platforms = Release|Mixed Platforms
		Release|x64 = Release|x64
		Release|x86 = Release|x86
	EndGlobalSection
	GlobalSection(ProjectConfigurationPlatforms) = postSolution
		{30B6B23A-3DFA-4495-A50E-0FC239DD4A47}.Debug|Any CPU.ActiveCfg = Debug|Any CPU
		{30B6B23A-3DFA-4495-A50E-0FC239DD4A47}.Debug|Any CPU.Build.0 = Debug|Any CPU
		{30B6B23A-3DFA-4495-A50E-0FC239DD4A47}.Debug|Any CPU.Deploy.0 = Debug|Any CPU
		{30B6B23A-3DFA-4495-A50E-0FC239DD4A47}.Debug|Mixed Platforms.ActiveCfg = Debug|x86
		{30B6B23A-3DFA-4495-A50E-0FC239DD4A47}.Debug|Mixed Platforms.Build.0 = Debug|x86
		{30B6B23A-3DFA-4495-A50E-0FC239DD4A47}.Debug|x64.ActiveCfg = Debug|x64
		{30B6B23A-3DFA-4495-A50E-0FC239DD4A47}.Debug|x64.Build.0 = Debug|x64
		{30B6B23A-3DFA-4495-A50E-0FC239DD4A47}.Debug|x86.ActiveCfg = Debug|x86
		{30B6B23A-3DFA-4495-A50E-0FC239DD4A47}.Debug|x86.Build.0 = Debug|x86
		{30B6B23A-3DFA-4495-A50E-0FC239DD4A47}.Release|Any CPU.ActiveCfg = Release|Any CPU
		{30B6B23A-3DFA-4495-A50E-0FC239DD4A47}.Release|Any CPU.Build.0 = Release|Any CPU
		{30B6B23A-3DFA-4495-A50E-0FC239DD4A47}.Release|Mixed Platforms.ActiveCfg = Release|x86
		{30B6B23A-3DFA-4495-A50E-0FC239DD4A47}.Release|Mixed Platforms.Build.0 = Release|x86
		{30B6B23A-3DFA-4495-A50E-0FC239DD4A47}.Release|x64.ActiveCfg = Release|x64
		{30B6B23A-3DFA-4495-A50E-0FC239DD4A47}.Release|x64.Build.0 = Release|x64
		{30B6B23A-3DFA-4495-A50E-0FC239DD4A47}.Release|x86.ActiveCfg = Release|x86
		{30B6B23A-3DFA-4495-A50E-0FC239DD4A47}.Release|x86.Build.0 = Release|x86
		{563041F8-FBDA-40FD-9E27-3D65DDE6C42C}.Debug|Any CPU.ActiveCfg = Debug|Any CPU
		{563041F8-FBDA-40FD-9E27-3D65DDE6C42C}.Debug|Any CPU.Build.0 = Debug|Any CPU
		{563041F8-FBDA-40FD-9E27-3D65DDE6C42C}.Debug|Mixed Platforms.ActiveCfg = Debug|Any CPU
		{563041F8-FBDA-40FD-9E27-3D65DDE6C42C}.Debug|Mixed Platforms.Build.0 = Debug|Any CPU
		{563041F8-FBDA-40FD-9E27-3D65DDE6C42C}.Debug|x64.ActiveCfg = Debug|Any CPU
		{563041F8-FBDA-40FD-9E27-3D65DDE6C42C}.Debug|x64.Build.0 = Debug|Any CPU
		{563041F8-FBDA-40FD-9E27-3D65DDE6C42C}.Debug|x86.ActiveCfg = Debug|x86
		{563041F8-FBDA-40FD-9E27-3D65DDE6C42C}.Debug|x86.Build.0 = Debug|x86
		{563041F8-FBDA-40FD-9E27-3D65DDE6C42C}.Release|Any CPU.ActiveCfg = Release|Any CPU
		{563041F8-FBDA-40FD-9E27-3D65DDE6C42C}.Release|Any CPU.Build.0 = Release|Any CPU
		{563041F8-FBDA-40FD-9E27-3D65DDE6C42C}.Release|Mixed Platforms.ActiveCfg = Release|Any CPU
		{563041F8-FBDA-40FD-9E27-3D65DDE6C42C}.Release|Mixed Platforms.Build.0 = Release|Any CPU
		{563041F8-FBDA-40FD-9E27-3D65DDE6C42C}.Release|x64.ActiveCfg = Release|Any CPU
		{563041F8-FBDA-40FD-9E27-3D65DDE6C42C}.Release|x64.Build.0 = Release|Any CPU
		{563041F8-FBDA-40FD-9E27-3D65DDE6C42C}.Release|x86.ActiveCfg = Release|Any CPU
		{563041F8-FBDA-40FD-9E27-3D65DDE6C42C}.Release|x86.Build.0 = Release|Any CPU
		{F6BBAB1A-73B6-4C0C-95B1-198A2794820D}.Debug|Any CPU.ActiveCfg = Debug|Any CPU
		{F6BBAB1A-73B6-4C0C-95B1-198A2794820D}.Debug|Any CPU.Build.0 = Debug|Any CPU
		{F6BBAB1A-73B6-4C0C-95B1-198A2794820D}.Debug|Mixed Platforms.ActiveCfg = Debug|x86
		{F6BBAB1A-73B6-4C0C-95B1-198A2794820D}.Debug|Mixed Platforms.Build.0 = Debug|x86
		{F6BBAB1A-73B6-4C0C-95B1-198A2794820D}.Debug|x64.ActiveCfg = Debug|Any CPU
		{F6BBAB1A-73B6-4C0C-95B1-198A2794820D}.Debug|x64.Build.0 = Debug|Any CPU
		{F6BBAB1A-73B6-4C0C-95B1-198A2794820D}.Debug|x86.ActiveCfg = Debug|x86
		{F6BBAB1A-73B6-4C0C-95B1-198A2794820D}.Debug|x86.Build.0 = Debug|x86
		{F6BBAB1A-73B6-4C0C-95B1-198A2794820D}.Release|Any CPU.ActiveCfg = Release|Any CPU
		{F6BBAB1A-73B6-4C0C-95B1-198A2794820D}.Release|Any CPU.Build.0 = Release|Any CPU
		{F6BBAB1A-73B6-4C0C-95B1-198A2794820D}.Release|Mixed Platforms.ActiveCfg = Release|x86
		{F6BBAB1A-73B6-4C0C-95B1-198A2794820D}.Release|Mixed Platforms.Build.0 = Release|x86
		{F6BBAB1A-73B6-4C0C-95B1-198A2794820D}.Release|x64.ActiveCfg = Release|Any CPU
		{F6BBAB1A-73B6-4C0C-95B1-198A2794820D}.Release|x64.Build.0 = Release|Any CPU
		{F6BBAB1A-73B6-4C0C-95B1-198A2794820D}.Release|x86.ActiveCfg = Release|x86
		{F6BBAB1A-73B6-4C0C-95B1-198A2794820D}.Release|x86.Build.0 = Release|x86
		{394146D6-CC21-4547-BE3E-B510FCDDE220}.Debug|Any CPU.ActiveCfg = Debug|Any CPU
		{394146D6-CC21-4547-BE3E-B510FCDDE220}.Debug|Any CPU.Build.0 = Debug|Any CPU
		{394146D6-CC21-4547-BE3E-B510FCDDE220}.Debug|Mixed Platforms.ActiveCfg = Debug|Any CPU
		{394146D6-CC21-4547-BE3E-B510FCDDE220}.Debug|Mixed Platforms.Build.0 = Debug|Any CPU
		{394146D6-CC21-4547-BE3E-B510FCDDE220}.Debug|x64.ActiveCfg = Debug|Any CPU
		{394146D6-CC21-4547-BE3E-B510FCDDE220}.Debug|x64.Build.0 = Debug|Any CPU
		{394146D6-CC21-4547-BE3E-B510FCDDE220}.Debug|x86.ActiveCfg = Debug|x86
		{394146D6-CC21-4547-BE3E-B510FCDDE220}.Debug|x86.Build.0 = Debug|x86
		{394146D6-CC21-4547-BE3E-B510FCDDE220}.Release|Any CPU.ActiveCfg = Release|Any CPU
		{394146D6-CC21-4547-BE3E-B510FCDDE220}.Release|Any CPU.Build.0 = Release|Any CPU
		{394146D6-CC21-4547-BE3E-B510FCDDE220}.Release|Mixed Platforms.ActiveCfg = Release|Any CPU
		{394146D6-CC21-4547-BE3E-B510FCDDE220}.Release|Mixed Platforms.Build.0 = Release|Any CPU
		{394146D6-CC21-4547-BE3E-B510FCDDE220}.Release|x64.ActiveCfg = Release|Any CPU
		{394146D6-CC21-4547-BE3E-B510FCDDE220}.Release|x64.Build.0 = Release|Any CPU
		{394146D6-CC21-4547-BE3E-B510FCDDE220}.Release|x86.ActiveCfg = Release|Any CPU
		{394146D6-CC21-4547-BE3E-B510FCDDE220}.Release|x86.Build.0 = Release|Any CPU
	EndGlobalSection
	GlobalSection(SolutionProperties) = preSolution
		HideSolutionNode = FALSE
	EndGlobalSection
	GlobalSection(NestedProjects) = preSolution
		{30B6B23A-3DFA-4495-A50E-0FC239DD4A47} = {76A35511-BA98-455C-9CC8-762E6D2E0791}
		{563041F8-FBDA-40FD-9E27-3D65DDE6C42C} = {706F840F-ED9B-4430-AC6D-C14346F13B0E}
		{F6BBAB1A-73B6-4C0C-95B1-198A2794820D} = {706F840F-ED9B-4430-AC6D-C14346F13B0E}
	EndGlobalSection
	GlobalSection(ExtensibilityGlobals) = postSolution
		SolutionGuid = {1AD91C12-2BD4-444D-A690-F2AA0E7ABF34}
	EndGlobalSection
EndGlobal
