
Microsoft Visual Studio Solution File, Format Version 12.00
# Visual Studio Version 16
VisualStudioVersion = 16.0.31019.194
MinimumVisualStudioVersion = 10.0.40219.1
Project("{2150E333-8FDC-42A3-9474-1A3956D46DE8}") = "Shared", "Shared", "{4A8B9B08-825C-4EFC-B1D8-F732F7BECF7D}"
	ProjectSection(SolutionItems) = preProject
		Shared\GlobalAssemblyInfo.cs = Shared\GlobalAssemblyInfo.cs
	EndProjectSection
EndProject
Project("{2150E333-8FDC-42A3-9474-1A3956D46DE8}") = "Component", "Component", "{706F840F-ED9B-4430-AC6D-C14346F13B0E}"
EndProject
Project("{2150E333-8FDC-42A3-9474-1A3956D46DE8}") = "Library", "Library", "{5E8BEC2E-E812-453F-A292-FD91C9EC9E7E}"
EndProject
Project("{FAE04EC0-301F-11D3-BF4B-00C04F79EFBC}") = "YuLinTu.Library.Entity", "Library\YuLinTu.Library.Entity\YuLinTu.Library.Entity.csproj", "{970C7D36-4259-4CCC-8FF8-835EFE684395}"
EndProject
Project("{FAE04EC0-301F-11D3-BF4B-00C04F79EFBC}") = "YuLinTu.Library.Log", "Library\YuLinTu.Library.Log\YuLinTu.Library.Log.csproj", "{884B68F2-6F43-439D-91AE-31BAF151FE05}"
EndProject
Project("{FAE04EC0-301F-11D3-BF4B-00C04F79EFBC}") = "YuLinTu.Library.Repository", "Library\YuLinTu.Library.Repository\YuLinTu.Library.Repository.csproj", "{12B9824E-F870-4446-BF10-CC5AE7FA601E}"
EndProject
Project("{FAE04EC0-301F-11D3-BF4B-00C04F79EFBC}") = "YuLinTu.Library.Resources", "Library\YuLinTu.Library.Resources\YuLinTu.Library.Resources.csproj", "{819885A6-5D65-4D29-97C8-F4C9E0CC7EC6}"
EndProject
Project("{FAE04EC0-301F-11D3-BF4B-00C04F79EFBC}") = "YuLinTu.Library.Map", "Library\YuLinTu.Library.Map\YuLinTu.Library.Map.csproj", "{D8D1BE49-252F-4167-8245-53285E47E8A0}"
EndProject
Project("{FAE04EC0-301F-11D3-BF4B-00C04F79EFBC}") = "YuLinTu.Library.Office", "Library\YuLinTu.Library.Office\YuLinTu.Library.Office.csproj", "{D52B9CE3-8D34-4A2A-9823-D9208F846D97}"
EndProject
Project("{2150E333-8FDC-42A3-9474-1A3956D46DE8}") = "Worker", "Worker", "{76A35511-BA98-455C-9CC8-762E6D2E0791}"
EndProject
Project("{FAE04EC0-301F-11D3-BF4B-00C04F79EFBC}") = "YuLinTuTool", "Worker\YuLinTuTool.csproj", "{30B6B23A-3DFA-4495-A50E-0FC239DD4A47}"
	ProjectSection(ProjectDependencies) = postProject
		{FAAEE909-3350-4E4F-BA70-9DC22168C152} = {FAAEE909-3350-4E4F-BA70-9DC22168C152}
		{5D529712-2C25-409C-A865-F832CF5324CC} = {5D529712-2C25-409C-A865-F832CF5324CC}
		{E0CD8C20-0480-41D5-8E9A-EB32DAE100C8} = {E0CD8C20-0480-41D5-8E9A-EB32DAE100C8}
		{E1E71531-E3AA-4D87-B697-349C8CC022AB} = {E1E71531-E3AA-4D87-B697-349C8CC022AB}
		{970C7D36-4259-4CCC-8FF8-835EFE684395} = {970C7D36-4259-4CCC-8FF8-835EFE684395}
		{77467A39-77EF-40E3-99D5-2DF3CAD982B5} = {77467A39-77EF-40E3-99D5-2DF3CAD982B5}
		{D8D1BE49-252F-4167-8245-53285E47E8A0} = {D8D1BE49-252F-4167-8245-53285E47E8A0}
		{12B9824E-F870-4446-BF10-CC5AE7FA601E} = {12B9824E-F870-4446-BF10-CC5AE7FA601E}
		{A85D8752-51CA-4EF2-B474-820A01A5DA20} = {A85D8752-51CA-4EF2-B474-820A01A5DA20}
		{3C3CEB62-D9C1-4BE3-AE83-ACFD23999020} = {3C3CEB62-D9C1-4BE3-AE83-ACFD23999020}
		{57FE856A-1D2F-4108-8AAE-1740C50C5561} = {57FE856A-1D2F-4108-8AAE-1740C50C5561}
		{9F693694-305B-47FA-B393-1F2A3B13242D} = {9F693694-305B-47FA-B393-1F2A3B13242D}
		{95BEDDA1-0FE8-4CE9-8D40-33CF9C540080} = {95BEDDA1-0FE8-4CE9-8D40-33CF9C540080}
		{A57F19A4-6B79-4708-81CE-03C10A9C04F7} = {A57F19A4-6B79-4708-81CE-03C10A9C04F7}
		{819885A6-5D65-4D29-97C8-F4C9E0CC7EC6} = {819885A6-5D65-4D29-97C8-F4C9E0CC7EC6}
		{D52B9CE3-8D34-4A2A-9823-D9208F846D97} = {D52B9CE3-8D34-4A2A-9823-D9208F846D97}
		{884B68F2-6F43-439D-91AE-31BAF151FE05} = {884B68F2-6F43-439D-91AE-31BAF151FE05}
	EndProjectSection
EndProject
Project("{FAE04EC0-301F-11D3-BF4B-00C04F79EFBC}") = "YuLinTu.Component.Zone", "Component\YuLinTu.Component.Zone\YuLinTu.Component.Zone.csproj", "{3C3CEB62-D9C1-4BE3-AE83-ACFD23999020}"
EndProject
Project("{FAE04EC0-301F-11D3-BF4B-00C04F79EFBC}") = "YuLinTu.Library.Business", "Library\YuLinTu.Library.Business\YuLinTu.Library.Business.csproj", "{08AC55A7-5A0D-4A50-8EE7-93148A22250A}"
EndProject
Project("{FAE04EC0-301F-11D3-BF4B-00C04F79EFBC}") = "YuLinTu.Library.WorkStation", "Library\YuLinTu.Library.WorkStation\YuLinTu.Library.WorkStation.csproj", "{91A13749-F1E2-4DF8-901B-9A68369AF8EA}"
EndProject
Project("{FAE04EC0-301F-11D3-BF4B-00C04F79EFBC}") = "YuLinTu.Library.Controls", "Library\YuLinTu.Library.Controls\YuLinTu.Library.Controls.csproj", "{BECFB342-848A-4819-A4C7-A2CFA9BDBA28}"
EndProject
Project("{FAE04EC0-301F-11D3-BF4B-00C04F79EFBC}") = "YuLinTu.Library.Command", "Library\YuLinTu.Library.Command\YuLinTu.Library.Command.csproj", "{9EB31295-3845-4F18-BD65-1A1AF9D71ABD}"
EndProject
Project("{FAE04EC0-301F-11D3-BF4B-00C04F79EFBC}") = "YuLinTu.Component.Sender", "Component\YuLinTu.Component.Sender\YuLinTu.Component.Sender.csproj", "{57FE856A-1D2F-4108-8AAE-1740C50C5561}"
EndProject
Project("{FAE04EC0-301F-11D3-BF4B-00C04F79EFBC}") = "YuLinTu.Component.VirtualPerson", "Component\YuLinTu.Component.VirtualPerson\YuLinTu.Component.VirtualPerson.csproj", "{9F693694-305B-47FA-B393-1F2A3B13242D}"
EndProject
Project("{FAE04EC0-301F-11D3-BF4B-00C04F79EFBC}") = "YuLinTu.Component.Dictionary", "Component\YuLinTu.Component.Dictionary\YuLinTu.Component.Dictionary.csproj", "{FAAEE909-3350-4E4F-BA70-9DC22168C152}"
EndProject
Project("{FAE04EC0-301F-11D3-BF4B-00C04F79EFBC}") = "YuLinTu.Component.Setting", "Component\YuLinTu.Component.Setting\YuLinTu.Component.Setting.csproj", "{A57F19A4-6B79-4708-81CE-03C10A9C04F7}"
EndProject
Project("{FAE04EC0-301F-11D3-BF4B-00C04F79EFBC}") = "YuLinTu.Component.ContractAccount", "Component\YuLinTu.Component.ContractAccount\YuLinTu.Component.ContractAccount.csproj", "{E0CD8C20-0480-41D5-8E9A-EB32DAE100C8}"
	ProjectSection(ProjectDependencies) = postProject
		{AEE68A3B-123F-4771-B80F-B2DA45C667A3} = {AEE68A3B-123F-4771-B80F-B2DA45C667A3}
	EndProjectSection
EndProject
Project("{FAE04EC0-301F-11D3-BF4B-00C04F79EFBC}") = "YuLinTu.Component.Concord", "Component\YuLinTu.Component.Concord\YuLinTu.Component.Concord.csproj", "{95BEDDA1-0FE8-4CE9-8D40-33CF9C540080}"
EndProject
Project("{FAE04EC0-301F-11D3-BF4B-00C04F79EFBC}") = "YuLinTu.Component.ContractRegeditBook", "Component\YuLinTu.Component.ContractRegeditBook\YuLinTu.Component.ContractRegeditBook.csproj", "{77467A39-77EF-40E3-99D5-2DF3CAD982B5}"
EndProject
Project("{FAE04EC0-301F-11D3-BF4B-00C04F79EFBC}") = "YuLinTu.Component.Common", "Component\YuLinTu.Component.Common\YuLinTu.Component.Common.csproj", "{5D529712-2C25-409C-A865-F832CF5324CC}"
EndProject
Project("{FAE04EC0-301F-11D3-BF4B-00C04F79EFBC}") = "YuLinTu.Component.DiagramFoundation", "Component\YuLinTu.Component.DiagramFoundation\YuLinTu.Component.DiagramFoundation.csproj", "{A85D8752-51CA-4EF2-B474-820A01A5DA20}"
EndProject
Project("{FAE04EC0-301F-11D3-BF4B-00C04F79EFBC}") = "YuLinTu.Component.SeparateDataBaseTask", "Component\YuLinTu.Component.SeparateDataBaseTask\YuLinTu.Component.SeparateDataBaseTask.csproj", "{B7C00328-3B9E-449C-9F70-5832924AA201}"
EndProject
Project("{FAE04EC0-301F-11D3-BF4B-00C04F79EFBC}") = "YuLinTu.Component.CombinationDataBaseTask", "Component\YuLinTu.Component.CombinationDataBaseTask\YuLinTu.Component.CombinationDataBaseTask.csproj", "{F526F87E-8396-47F2-9B2B-922E8B09C4FD}"
EndProject
Project("{FAE04EC0-301F-11D3-BF4B-00C04F79EFBC}") = "YuLinTu.Component.DataCheckerTask", "Component\YuLinTu.Component.DataCheckerTask\YuLinTu.Component.DataCheckerTask.csproj", "{CF931943-16A1-4B6C-9938-3D22A8DED2B7}"
EndProject
Project("{FAE04EC0-301F-11D3-BF4B-00C04F79EFBC}") = "YuLinTu.Component.ExportResultDataBaseTask", "Component\YuLinTu.Component.ExportResultDataBaseTask\YuLinTu.Component.ExportResultDataBaseTask.csproj", "{168492A6-16A8-4160-9EBF-2F6E9912D707}"
EndProject
Project("{FAE04EC0-301F-11D3-BF4B-00C04F79EFBC}") = "YuLinTu.Component.ExportDataSummaryTask", "Component\YuLinTu.Component.ExportDataSummaryTask\YuLinTu.Component.ExportDataSummaryTask.csproj", "{30B45582-C56E-4BCF-BA88-170FAEABEA13}"
EndProject
Project("{FAE04EC0-301F-11D3-BF4B-00C04F79EFBC}") = "YuLinTu.Component.BusinessProcessWizard", "Component\YuLinTu.Component.BusinessProcessWizard\YuLinTu.Component.BusinessProcessWizard.csproj", "{AEE68A3B-123F-4771-B80F-B2DA45C667A3}"
EndProject
Project("{FAE04EC0-301F-11D3-BF4B-00C04F79EFBC}") = "YuLinTu.Component.SecondAccount", "Component\YuLinTu.Component.SecondAccount\YuLinTu.Component.SecondAccount.csproj", "{F7EAD3E8-80A0-4BE8-BB32-2C180D89551B}"
EndProject
Project("{FAE04EC0-301F-11D3-BF4B-00C04F79EFBC}") = "YuLinTu.Component.2016ResultDbToLocalDb", "Component\YuLinTu.Component.2016ResultDbToLocalDb\YuLinTu.Component.2016ResultDbToLocalDb.csproj", "{42514C10-FB49-42D7-9D21-C496F8FA47EC}"
EndProject
Project("{FAE04EC0-301F-11D3-BF4B-00C04F79EFBC}") = "YuLinTu.Component.BatchDataBaseTask", "Component\YuLinTu.Component.BatchDataBaseTask\YuLinTu.Component.BatchDataBaseTask.csproj", "{A3C7CEAB-E53A-4637-884A-8970541F4006}"
EndProject
Project("{FAE04EC0-301F-11D3-BF4B-00C04F79EFBC}") = "ManualSlaveProcessTask", "Library\ManualSlaveProcessTask\ManualSlaveProcessTask.csproj", "{128C67D1-5D43-4BAF-BF6C-BA05CFBE07C0}"
EndProject
Project("{FAE04EC0-301F-11D3-BF4B-00C04F79EFBC}") = "YuLinTu.Library.Result", "Library\YuLinTu.Library.Result\YuLinTu.Library.Result.csproj", "{87E62C5A-6EC3-4034-A2B7-96F0E0327DFF}"
EndProject
Project("{2150E333-8FDC-42A3-9474-1A3956D46DE8}") = "ManualSlaveProcessTask", "ManualSlaveProcessTask", "{BD0F3CF7-3E8D-498E-AE26-6849495C524B}"
	ProjectSection(SolutionItems) = preProject
		ManualSlaveProcessTask\DotSpatial.Projections.dll = ManualSlaveProcessTask\DotSpatial.Projections.dll
		ManualSlaveProcessTask\gdal200.dll = ManualSlaveProcessTask\gdal200.dll
		ManualSlaveProcessTask\GeoAPI.dll = ManualSlaveProcessTask\GeoAPI.dll
		ManualSlaveProcessTask\libfreexl-1.dll = ManualSlaveProcessTask\libfreexl-1.dll
		ManualSlaveProcessTask\libgcc_s_seh-1.dll = ManualSlaveProcessTask\libgcc_s_seh-1.dll
		ManualSlaveProcessTask\libgcc_s_seh_64-1.dll = ManualSlaveProcessTask\libgcc_s_seh_64-1.dll
		ManualSlaveProcessTask\libgeos-3-5-0.dll = ManualSlaveProcessTask\libgeos-3-5-0.dll
		ManualSlaveProcessTask\libgeos_c-1.dll = ManualSlaveProcessTask\libgeos_c-1.dll
		ManualSlaveProcessTask\libiconv-2.dll = ManualSlaveProcessTask\libiconv-2.dll
		ManualSlaveProcessTask\liblzma-5.dll = ManualSlaveProcessTask\liblzma-5.dll
		ManualSlaveProcessTask\libproj-9.dll = ManualSlaveProcessTask\libproj-9.dll
		ManualSlaveProcessTask\libsqlite3-0.dll = ManualSlaveProcessTask\libsqlite3-0.dll
		ManualSlaveProcessTask\libstdc++_64-6.dll = ManualSlaveProcessTask\libstdc++_64-6.dll
		ManualSlaveProcessTask\libstdc++_64-62.dll = ManualSlaveProcessTask\libstdc++_64-62.dll
		ManualSlaveProcessTask\libxml2-2.dll = ManualSlaveProcessTask\libxml2-2.dll
		ManualSlaveProcessTask\ManualSlaveProcessTask.exe = ManualSlaveProcessTask\ManualSlaveProcessTask.exe
		ManualSlaveProcessTask\ManualSlaveProcessTask.exe.config = ManualSlaveProcessTask\ManualSlaveProcessTask.exe.config
		ManualSlaveProcessTask\Microsoft.Practices.ServiceLocation.dll = ManualSlaveProcessTask\Microsoft.Practices.ServiceLocation.dll
		ManualSlaveProcessTask\Microsoft.Practices.Unity.Configuration.dll = ManualSlaveProcessTask\Microsoft.Practices.Unity.Configuration.dll
		ManualSlaveProcessTask\Microsoft.Practices.Unity.dll = ManualSlaveProcessTask\Microsoft.Practices.Unity.dll
		ManualSlaveProcessTask\mod_spatialite.dll = ManualSlaveProcessTask\mod_spatialite.dll
		ManualSlaveProcessTask\NetTopologySuite.dll = ManualSlaveProcessTask\NetTopologySuite.dll
		ManualSlaveProcessTask\PowerCollections.dll = ManualSlaveProcessTask\PowerCollections.dll
		ManualSlaveProcessTask\sqlite3.exe = ManualSlaveProcessTask\sqlite3.exe
		ManualSlaveProcessTask\System.Data.SQLite.dll = ManualSlaveProcessTask\System.Data.SQLite.dll
		ManualSlaveProcessTask\tGISC.dll = ManualSlaveProcessTask\tGISC.dll
		ManualSlaveProcessTask\YuLinTu.Data.dll = ManualSlaveProcessTask\YuLinTu.Data.dll
		ManualSlaveProcessTask\YuLinTu.Data.Dynamic.dll = ManualSlaveProcessTask\YuLinTu.Data.Dynamic.dll
		ManualSlaveProcessTask\YuLinTu.Data.Framework.dll = ManualSlaveProcessTask\YuLinTu.Data.Framework.dll
		ManualSlaveProcessTask\YuLinTu.Diagnostics.dll = ManualSlaveProcessTask\YuLinTu.Diagnostics.dll
		ManualSlaveProcessTask\YuLinTu.dll = ManualSlaveProcessTask\YuLinTu.dll
		ManualSlaveProcessTask\YuLinTu.Interception.dll = ManualSlaveProcessTask\YuLinTu.Interception.dll
		ManualSlaveProcessTask\YuLinTu.IO.dll = ManualSlaveProcessTask\YuLinTu.IO.dll
		ManualSlaveProcessTask\YuLinTu.Library.Result.dll = ManualSlaveProcessTask\YuLinTu.Library.Result.dll
		ManualSlaveProcessTask\YuLinTu.Library.WinFoundationAux.dll = ManualSlaveProcessTask\YuLinTu.Library.WinFoundationAux.dll
		ManualSlaveProcessTask\YuLinTu.NetAux.dll = ManualSlaveProcessTask\YuLinTu.NetAux.dll
		ManualSlaveProcessTask\YuLinTu.Script.dll = ManualSlaveProcessTask\YuLinTu.Script.dll
		ManualSlaveProcessTask\YuLinTu.ServiceModel.dll = ManualSlaveProcessTask\YuLinTu.ServiceModel.dll
		ManualSlaveProcessTask\YuLinTu.tGISCNet.dll = ManualSlaveProcessTask\YuLinTu.tGISCNet.dll
		ManualSlaveProcessTask\YuLinTu.Unity.dll = ManualSlaveProcessTask\YuLinTu.Unity.dll
		ManualSlaveProcessTask\YuLinTu.Windows.Core.dll = ManualSlaveProcessTask\YuLinTu.Windows.Core.dll
		ManualSlaveProcessTask\zlib1.dll = ManualSlaveProcessTask\zlib1.dll
	EndProjectSection
EndProject
Project("{FAE04EC0-301F-11D3-BF4B-00C04F79EFBC}") = "YuLinTu.Component.MapFoundation", "Component\YuLinTu.Component.MapFoundation\YuLinTu.Component.MapFoundation.csproj", "{E1E71531-E3AA-4D87-B697-349C8CC022AB}"
EndProject
Project("{FAE04EC0-301F-11D3-BF4B-00C04F79EFBC}") = "YuLinTu.Library.WinFoundationAux2018", "Library\YuLinTu.Library.WinFoundationAux2018\YuLinTu.Library.WinFoundationAux2018.csproj", "{7B05A4EC-0279-47D1-886A-C2EECF030976}"
EndProject
Project("{FAE04EC0-301F-11D3-BF4B-00C04F79EFBC}") = "YuLinTu.Library.CompareResult", "Library\YuLinTu.Library.CompareResult\YuLinTu.Library.CompareResult.csproj", "{18051D54-C6EB-4685-BF80-75544CC8FF30}"
EndProject
Project("{FAE04EC0-301F-11D3-BF4B-00C04F79EFBC}") = "YuLinTu.Component.CombineWordTask", "Component\YuLinTu.Component.CombineWordTask\YuLinTu.Component.CombineWordTask.csproj", "{C53EB389-E61A-48B2-B06A-888FE366DE54}"
EndProject
Project("{FAE04EC0-301F-11D3-BF4B-00C04F79EFBC}") = "YuLinTu.Component.QualityCompressionDataTask", "Component\YuLinTu.Component.QualityCompressionDataTask\YuLinTu.Component.QualityCompressionDataTask.csproj", "{D55B87E9-2B5B-4ABC-9A6A-92323069486C}"
EndProject
Global
	GlobalSection(SolutionConfigurationPlatforms) = preSolution
		Debug|Any CPU = Debug|Any CPU
		Debug|Mixed Platforms = Debug|Mixed Platforms
		Debug|x64 = Debug|x64
		Debug|x86 = Debug|x86
		Release|Any CPU = Release|Any CPU
		Release|Mixed Platforms = Release|Mixed Platforms
		Release|x64 = Release|x64
		Release|x86 = Release|x86
	EndGlobalSection
	GlobalSection(ProjectConfigurationPlatforms) = postSolution
		{970C7D36-4259-4CCC-8FF8-835EFE684395}.Debug|Any CPU.ActiveCfg = Debug|Any CPU
		{970C7D36-4259-4CCC-8FF8-835EFE684395}.Debug|Any CPU.Build.0 = Debug|Any CPU
		{970C7D36-4259-4CCC-8FF8-835EFE684395}.Debug|Any CPU.Deploy.0 = Debug|Any CPU
		{970C7D36-4259-4CCC-8FF8-835EFE684395}.Debug|Mixed Platforms.ActiveCfg = Debug|x86
		{970C7D36-4259-4CCC-8FF8-835EFE684395}.Debug|Mixed Platforms.Build.0 = Debug|x86
		{970C7D36-4259-4CCC-8FF8-835EFE684395}.Debug|x64.ActiveCfg = Debug|x64
		{970C7D36-4259-4CCC-8FF8-835EFE684395}.Debug|x64.Build.0 = Debug|x64
		{970C7D36-4259-4CCC-8FF8-835EFE684395}.Debug|x86.ActiveCfg = Debug|x86
		{970C7D36-4259-4CCC-8FF8-835EFE684395}.Debug|x86.Build.0 = Debug|x86
		{970C7D36-4259-4CCC-8FF8-835EFE684395}.Release|Any CPU.ActiveCfg = Release|Any CPU
		{970C7D36-4259-4CCC-8FF8-835EFE684395}.Release|Any CPU.Build.0 = Release|Any CPU
		{970C7D36-4259-4CCC-8FF8-835EFE684395}.Release|Mixed Platforms.ActiveCfg = Release|x86
		{970C7D36-4259-4CCC-8FF8-835EFE684395}.Release|Mixed Platforms.Build.0 = Release|x86
		{970C7D36-4259-4CCC-8FF8-835EFE684395}.Release|x64.ActiveCfg = Release|x64
		{970C7D36-4259-4CCC-8FF8-835EFE684395}.Release|x64.Build.0 = Release|x64
		{970C7D36-4259-4CCC-8FF8-835EFE684395}.Release|x86.ActiveCfg = Release|x86
		{970C7D36-4259-4CCC-8FF8-835EFE684395}.Release|x86.Build.0 = Release|x86
		{884B68F2-6F43-439D-91AE-31BAF151FE05}.Debug|Any CPU.ActiveCfg = Debug|Any CPU
		{884B68F2-6F43-439D-91AE-31BAF151FE05}.Debug|Any CPU.Build.0 = Debug|Any CPU
		{884B68F2-6F43-439D-91AE-31BAF151FE05}.Debug|Mixed Platforms.ActiveCfg = Debug|x86
		{884B68F2-6F43-439D-91AE-31BAF151FE05}.Debug|Mixed Platforms.Build.0 = Debug|x86
		{884B68F2-6F43-439D-91AE-31BAF151FE05}.Debug|x64.ActiveCfg = Debug|x64
		{884B68F2-6F43-439D-91AE-31BAF151FE05}.Debug|x64.Build.0 = Debug|x64
		{884B68F2-6F43-439D-91AE-31BAF151FE05}.Debug|x86.ActiveCfg = Debug|x86
		{884B68F2-6F43-439D-91AE-31BAF151FE05}.Debug|x86.Build.0 = Debug|x86
		{884B68F2-6F43-439D-91AE-31BAF151FE05}.Release|Any CPU.ActiveCfg = Release|Any CPU
		{884B68F2-6F43-439D-91AE-31BAF151FE05}.Release|Any CPU.Build.0 = Release|Any CPU
		{884B68F2-6F43-439D-91AE-31BAF151FE05}.Release|Mixed Platforms.ActiveCfg = Release|x86
		{884B68F2-6F43-439D-91AE-31BAF151FE05}.Release|Mixed Platforms.Build.0 = Release|x86
		{884B68F2-6F43-439D-91AE-31BAF151FE05}.Release|x64.ActiveCfg = Release|Any CPU
		{884B68F2-6F43-439D-91AE-31BAF151FE05}.Release|x86.ActiveCfg = Release|x86
		{884B68F2-6F43-439D-91AE-31BAF151FE05}.Release|x86.Build.0 = Release|x86
		{12B9824E-F870-4446-BF10-CC5AE7FA601E}.Debug|Any CPU.ActiveCfg = Debug|Any CPU
		{12B9824E-F870-4446-BF10-CC5AE7FA601E}.Debug|Any CPU.Build.0 = Debug|Any CPU
		{12B9824E-F870-4446-BF10-CC5AE7FA601E}.Debug|Any CPU.Deploy.0 = Debug|Any CPU
		{12B9824E-F870-4446-BF10-CC5AE7FA601E}.Debug|Mixed Platforms.ActiveCfg = Debug|x86
		{12B9824E-F870-4446-BF10-CC5AE7FA601E}.Debug|Mixed Platforms.Build.0 = Debug|x86
		{12B9824E-F870-4446-BF10-CC5AE7FA601E}.Debug|x64.ActiveCfg = Debug|x64
		{12B9824E-F870-4446-BF10-CC5AE7FA601E}.Debug|x64.Build.0 = Debug|x64
		{12B9824E-F870-4446-BF10-CC5AE7FA601E}.Debug|x86.ActiveCfg = Debug|x86
		{12B9824E-F870-4446-BF10-CC5AE7FA601E}.Debug|x86.Build.0 = Debug|x86
		{12B9824E-F870-4446-BF10-CC5AE7FA601E}.Release|Any CPU.ActiveCfg = Release|Any CPU
		{12B9824E-F870-4446-BF10-CC5AE7FA601E}.Release|Any CPU.Build.0 = Release|Any CPU
		{12B9824E-F870-4446-BF10-CC5AE7FA601E}.Release|Mixed Platforms.ActiveCfg = Release|x86
		{12B9824E-F870-4446-BF10-CC5AE7FA601E}.Release|Mixed Platforms.Build.0 = Release|x86
		{12B9824E-F870-4446-BF10-CC5AE7FA601E}.Release|x64.ActiveCfg = Release|Any CPU
		{12B9824E-F870-4446-BF10-CC5AE7FA601E}.Release|x86.ActiveCfg = Release|x86
		{12B9824E-F870-4446-BF10-CC5AE7FA601E}.Release|x86.Build.0 = Release|x86
		{819885A6-5D65-4D29-97C8-F4C9E0CC7EC6}.Debug|Any CPU.ActiveCfg = Debug|Any CPU
		{819885A6-5D65-4D29-97C8-F4C9E0CC7EC6}.Debug|Any CPU.Build.0 = Debug|Any CPU
		{819885A6-5D65-4D29-97C8-F4C9E0CC7EC6}.Debug|Mixed Platforms.ActiveCfg = Debug|x86
		{819885A6-5D65-4D29-97C8-F4C9E0CC7EC6}.Debug|Mixed Platforms.Build.0 = Debug|x86
		{819885A6-5D65-4D29-97C8-F4C9E0CC7EC6}.Debug|x64.ActiveCfg = Debug|x64
		{819885A6-5D65-4D29-97C8-F4C9E0CC7EC6}.Debug|x64.Build.0 = Debug|x64
		{819885A6-5D65-4D29-97C8-F4C9E0CC7EC6}.Debug|x86.ActiveCfg = Debug|x86
		{819885A6-5D65-4D29-97C8-F4C9E0CC7EC6}.Debug|x86.Build.0 = Debug|x86
		{819885A6-5D65-4D29-97C8-F4C9E0CC7EC6}.Release|Any CPU.ActiveCfg = Release|Any CPU
		{819885A6-5D65-4D29-97C8-F4C9E0CC7EC6}.Release|Any CPU.Build.0 = Release|Any CPU
		{819885A6-5D65-4D29-97C8-F4C9E0CC7EC6}.Release|Mixed Platforms.ActiveCfg = Release|x86
		{819885A6-5D65-4D29-97C8-F4C9E0CC7EC6}.Release|Mixed Platforms.Build.0 = Release|x86
		{819885A6-5D65-4D29-97C8-F4C9E0CC7EC6}.Release|x64.ActiveCfg = Release|Any CPU
		{819885A6-5D65-4D29-97C8-F4C9E0CC7EC6}.Release|x86.ActiveCfg = Release|x86
		{819885A6-5D65-4D29-97C8-F4C9E0CC7EC6}.Release|x86.Build.0 = Release|x86
		{D8D1BE49-252F-4167-8245-53285E47E8A0}.Debug|Any CPU.ActiveCfg = Debug|Any CPU
		{D8D1BE49-252F-4167-8245-53285E47E8A0}.Debug|Any CPU.Build.0 = Debug|Any CPU
		{D8D1BE49-252F-4167-8245-53285E47E8A0}.Debug|Mixed Platforms.ActiveCfg = Debug|x86
		{D8D1BE49-252F-4167-8245-53285E47E8A0}.Debug|Mixed Platforms.Build.0 = Debug|x86
		{D8D1BE49-252F-4167-8245-53285E47E8A0}.Debug|x64.ActiveCfg = Debug|x64
		{D8D1BE49-252F-4167-8245-53285E47E8A0}.Debug|x64.Build.0 = Debug|x64
		{D8D1BE49-252F-4167-8245-53285E47E8A0}.Debug|x86.ActiveCfg = Debug|x86
		{D8D1BE49-252F-4167-8245-53285E47E8A0}.Debug|x86.Build.0 = Debug|x86
		{D8D1BE49-252F-4167-8245-53285E47E8A0}.Release|Any CPU.ActiveCfg = Release|Any CPU
		{D8D1BE49-252F-4167-8245-53285E47E8A0}.Release|Any CPU.Build.0 = Release|Any CPU
		{D8D1BE49-252F-4167-8245-53285E47E8A0}.Release|Mixed Platforms.ActiveCfg = Release|x86
		{D8D1BE49-252F-4167-8245-53285E47E8A0}.Release|Mixed Platforms.Build.0 = Release|x86
		{D8D1BE49-252F-4167-8245-53285E47E8A0}.Release|x64.ActiveCfg = Release|Any CPU
		{D8D1BE49-252F-4167-8245-53285E47E8A0}.Release|x86.ActiveCfg = Release|x86
		{D8D1BE49-252F-4167-8245-53285E47E8A0}.Release|x86.Build.0 = Release|x86
		{D52B9CE3-8D34-4A2A-9823-D9208F846D97}.Debug|Any CPU.ActiveCfg = Debug|Any CPU
		{D52B9CE3-8D34-4A2A-9823-D9208F846D97}.Debug|Any CPU.Build.0 = Debug|Any CPU
		{D52B9CE3-8D34-4A2A-9823-D9208F846D97}.Debug|Mixed Platforms.ActiveCfg = Debug|x86
		{D52B9CE3-8D34-4A2A-9823-D9208F846D97}.Debug|Mixed Platforms.Build.0 = Debug|x86
		{D52B9CE3-8D34-4A2A-9823-D9208F846D97}.Debug|x64.ActiveCfg = Debug|x64
		{D52B9CE3-8D34-4A2A-9823-D9208F846D97}.Debug|x64.Build.0 = Debug|x64
		{D52B9CE3-8D34-4A2A-9823-D9208F846D97}.Debug|x86.ActiveCfg = Debug|x86
		{D52B9CE3-8D34-4A2A-9823-D9208F846D97}.Debug|x86.Build.0 = Debug|x86
		{D52B9CE3-8D34-4A2A-9823-D9208F846D97}.Release|Any CPU.ActiveCfg = Release|Any CPU
		{D52B9CE3-8D34-4A2A-9823-D9208F846D97}.Release|Any CPU.Build.0 = Release|Any CPU
		{D52B9CE3-8D34-4A2A-9823-D9208F846D97}.Release|Mixed Platforms.ActiveCfg = Release|x86
		{D52B9CE3-8D34-4A2A-9823-D9208F846D97}.Release|Mixed Platforms.Build.0 = Release|x86
		{D52B9CE3-8D34-4A2A-9823-D9208F846D97}.Release|x64.ActiveCfg = Release|x64
		{D52B9CE3-8D34-4A2A-9823-D9208F846D97}.Release|x64.Build.0 = Release|x64
		{D52B9CE3-8D34-4A2A-9823-D9208F846D97}.Release|x86.ActiveCfg = Release|x86
		{D52B9CE3-8D34-4A2A-9823-D9208F846D97}.Release|x86.Build.0 = Release|x86
		{30B6B23A-3DFA-4495-A50E-0FC239DD4A47}.Debug|Any CPU.ActiveCfg = Debug|Any CPU
		{30B6B23A-3DFA-4495-A50E-0FC239DD4A47}.Debug|Any CPU.Build.0 = Debug|Any CPU
		{30B6B23A-3DFA-4495-A50E-0FC239DD4A47}.Debug|Any CPU.Deploy.0 = Debug|Any CPU
		{30B6B23A-3DFA-4495-A50E-0FC239DD4A47}.Debug|Mixed Platforms.ActiveCfg = Debug|x86
		{30B6B23A-3DFA-4495-A50E-0FC239DD4A47}.Debug|Mixed Platforms.Build.0 = Debug|x86
		{30B6B23A-3DFA-4495-A50E-0FC239DD4A47}.Debug|x64.ActiveCfg = Debug|x64
		{30B6B23A-3DFA-4495-A50E-0FC239DD4A47}.Debug|x64.Build.0 = Debug|x64
		{30B6B23A-3DFA-4495-A50E-0FC239DD4A47}.Debug|x86.ActiveCfg = Debug|x86
		{30B6B23A-3DFA-4495-A50E-0FC239DD4A47}.Debug|x86.Build.0 = Debug|x86
		{30B6B23A-3DFA-4495-A50E-0FC239DD4A47}.Release|Any CPU.ActiveCfg = Release|Any CPU
		{30B6B23A-3DFA-4495-A50E-0FC239DD4A47}.Release|Any CPU.Build.0 = Release|Any CPU
		{30B6B23A-3DFA-4495-A50E-0FC239DD4A47}.Release|Mixed Platforms.ActiveCfg = Release|x86
		{30B6B23A-3DFA-4495-A50E-0FC239DD4A47}.Release|Mixed Platforms.Build.0 = Release|x86
		{30B6B23A-3DFA-4495-A50E-0FC239DD4A47}.Release|x64.ActiveCfg = Release|x64
		{30B6B23A-3DFA-4495-A50E-0FC239DD4A47}.Release|x64.Build.0 = Release|x64
		{30B6B23A-3DFA-4495-A50E-0FC239DD4A47}.Release|x86.ActiveCfg = Release|x86
		{30B6B23A-3DFA-4495-A50E-0FC239DD4A47}.Release|x86.Build.0 = Release|x86
		{3C3CEB62-D9C1-4BE3-AE83-ACFD23999020}.Debug|Any CPU.ActiveCfg = Debug|Any CPU
		{3C3CEB62-D9C1-4BE3-AE83-ACFD23999020}.Debug|Any CPU.Build.0 = Debug|Any CPU
		{3C3CEB62-D9C1-4BE3-AE83-ACFD23999020}.Debug|Mixed Platforms.ActiveCfg = Debug|x86
		{3C3CEB62-D9C1-4BE3-AE83-ACFD23999020}.Debug|Mixed Platforms.Build.0 = Debug|x86
		{3C3CEB62-D9C1-4BE3-AE83-ACFD23999020}.Debug|x64.ActiveCfg = Debug|x64
		{3C3CEB62-D9C1-4BE3-AE83-ACFD23999020}.Debug|x64.Build.0 = Debug|x64
		{3C3CEB62-D9C1-4BE3-AE83-ACFD23999020}.Debug|x86.ActiveCfg = Debug|x86
		{3C3CEB62-D9C1-4BE3-AE83-ACFD23999020}.Debug|x86.Build.0 = Debug|x86
		{3C3CEB62-D9C1-4BE3-AE83-ACFD23999020}.Release|Any CPU.ActiveCfg = Release|Any CPU
		{3C3CEB62-D9C1-4BE3-AE83-ACFD23999020}.Release|Any CPU.Build.0 = Release|Any CPU
		{3C3CEB62-D9C1-4BE3-AE83-ACFD23999020}.Release|Mixed Platforms.ActiveCfg = Release|x86
		{3C3CEB62-D9C1-4BE3-AE83-ACFD23999020}.Release|Mixed Platforms.Build.0 = Release|x86
		{3C3CEB62-D9C1-4BE3-AE83-ACFD23999020}.Release|x64.ActiveCfg = Release|x64
		{3C3CEB62-D9C1-4BE3-AE83-ACFD23999020}.Release|x64.Build.0 = Release|x64
		{3C3CEB62-D9C1-4BE3-AE83-ACFD23999020}.Release|x86.ActiveCfg = Release|x86
		{3C3CEB62-D9C1-4BE3-AE83-ACFD23999020}.Release|x86.Build.0 = Release|x86
		{08AC55A7-5A0D-4A50-8EE7-93148A22250A}.Debug|Any CPU.ActiveCfg = Debug|Any CPU
		{08AC55A7-5A0D-4A50-8EE7-93148A22250A}.Debug|Any CPU.Build.0 = Debug|Any CPU
		{08AC55A7-5A0D-4A50-8EE7-93148A22250A}.Debug|Mixed Platforms.ActiveCfg = Debug|x86
		{08AC55A7-5A0D-4A50-8EE7-93148A22250A}.Debug|Mixed Platforms.Build.0 = Debug|x86
		{08AC55A7-5A0D-4A50-8EE7-93148A22250A}.Debug|x64.ActiveCfg = Debug|x64
		{08AC55A7-5A0D-4A50-8EE7-93148A22250A}.Debug|x64.Build.0 = Debug|x64
		{08AC55A7-5A0D-4A50-8EE7-93148A22250A}.Debug|x86.ActiveCfg = Debug|x86
		{08AC55A7-5A0D-4A50-8EE7-93148A22250A}.Debug|x86.Build.0 = Debug|x86
		{08AC55A7-5A0D-4A50-8EE7-93148A22250A}.Release|Any CPU.ActiveCfg = Release|Any CPU
		{08AC55A7-5A0D-4A50-8EE7-93148A22250A}.Release|Any CPU.Build.0 = Release|Any CPU
		{08AC55A7-5A0D-4A50-8EE7-93148A22250A}.Release|Mixed Platforms.ActiveCfg = Release|x86
		{08AC55A7-5A0D-4A50-8EE7-93148A22250A}.Release|Mixed Platforms.Build.0 = Release|x86
		{08AC55A7-5A0D-4A50-8EE7-93148A22250A}.Release|x64.ActiveCfg = Release|x64
		{08AC55A7-5A0D-4A50-8EE7-93148A22250A}.Release|x64.Build.0 = Release|x64
		{08AC55A7-5A0D-4A50-8EE7-93148A22250A}.Release|x86.ActiveCfg = Release|x86
		{08AC55A7-5A0D-4A50-8EE7-93148A22250A}.Release|x86.Build.0 = Release|x86
		{91A13749-F1E2-4DF8-901B-9A68369AF8EA}.Debug|Any CPU.ActiveCfg = Debug|Any CPU
		{91A13749-F1E2-4DF8-901B-9A68369AF8EA}.Debug|Any CPU.Build.0 = Debug|Any CPU
		{91A13749-F1E2-4DF8-901B-9A68369AF8EA}.Debug|Mixed Platforms.ActiveCfg = Debug|x86
		{91A13749-F1E2-4DF8-901B-9A68369AF8EA}.Debug|Mixed Platforms.Build.0 = Debug|x86
		{91A13749-F1E2-4DF8-901B-9A68369AF8EA}.Debug|x64.ActiveCfg = Debug|x64
		{91A13749-F1E2-4DF8-901B-9A68369AF8EA}.Debug|x64.Build.0 = Debug|x64
		{91A13749-F1E2-4DF8-901B-9A68369AF8EA}.Debug|x86.ActiveCfg = Debug|x86
		{91A13749-F1E2-4DF8-901B-9A68369AF8EA}.Debug|x86.Build.0 = Debug|x86
		{91A13749-F1E2-4DF8-901B-9A68369AF8EA}.Release|Any CPU.ActiveCfg = Release|Any CPU
		{91A13749-F1E2-4DF8-901B-9A68369AF8EA}.Release|Any CPU.Build.0 = Release|Any CPU
		{91A13749-F1E2-4DF8-901B-9A68369AF8EA}.Release|Mixed Platforms.ActiveCfg = Release|x86
		{91A13749-F1E2-4DF8-901B-9A68369AF8EA}.Release|Mixed Platforms.Build.0 = Release|x86
		{91A13749-F1E2-4DF8-901B-9A68369AF8EA}.Release|x64.ActiveCfg = Release|x64
		{91A13749-F1E2-4DF8-901B-9A68369AF8EA}.Release|x64.Build.0 = Release|x64
		{91A13749-F1E2-4DF8-901B-9A68369AF8EA}.Release|x86.ActiveCfg = Release|x86
		{91A13749-F1E2-4DF8-901B-9A68369AF8EA}.Release|x86.Build.0 = Release|x86
		{BECFB342-848A-4819-A4C7-A2CFA9BDBA28}.Debug|Any CPU.ActiveCfg = Debug|Any CPU
		{BECFB342-848A-4819-A4C7-A2CFA9BDBA28}.Debug|Any CPU.Build.0 = Debug|Any CPU
		{BECFB342-848A-4819-A4C7-A2CFA9BDBA28}.Debug|Mixed Platforms.ActiveCfg = Debug|x86
		{BECFB342-848A-4819-A4C7-A2CFA9BDBA28}.Debug|Mixed Platforms.Build.0 = Debug|x86
		{BECFB342-848A-4819-A4C7-A2CFA9BDBA28}.Debug|x64.ActiveCfg = Debug|x64
		{BECFB342-848A-4819-A4C7-A2CFA9BDBA28}.Debug|x64.Build.0 = Debug|x64
		{BECFB342-848A-4819-A4C7-A2CFA9BDBA28}.Debug|x86.ActiveCfg = Debug|x86
		{BECFB342-848A-4819-A4C7-A2CFA9BDBA28}.Debug|x86.Build.0 = Debug|x86
		{BECFB342-848A-4819-A4C7-A2CFA9BDBA28}.Release|Any CPU.ActiveCfg = Release|Any CPU
		{BECFB342-848A-4819-A4C7-A2CFA9BDBA28}.Release|Any CPU.Build.0 = Release|Any CPU
		{BECFB342-848A-4819-A4C7-A2CFA9BDBA28}.Release|Mixed Platforms.ActiveCfg = Release|x86
		{BECFB342-848A-4819-A4C7-A2CFA9BDBA28}.Release|Mixed Platforms.Build.0 = Release|x86
		{BECFB342-848A-4819-A4C7-A2CFA9BDBA28}.Release|x64.ActiveCfg = Release|x64
		{BECFB342-848A-4819-A4C7-A2CFA9BDBA28}.Release|x64.Build.0 = Release|x64
		{BECFB342-848A-4819-A4C7-A2CFA9BDBA28}.Release|x86.ActiveCfg = Release|x86
		{BECFB342-848A-4819-A4C7-A2CFA9BDBA28}.Release|x86.Build.0 = Release|x86
		{9EB31295-3845-4F18-BD65-1A1AF9D71ABD}.Debug|Any CPU.ActiveCfg = Debug|Any CPU
		{9EB31295-3845-4F18-BD65-1A1AF9D71ABD}.Debug|Any CPU.Build.0 = Debug|Any CPU
		{9EB31295-3845-4F18-BD65-1A1AF9D71ABD}.Debug|Mixed Platforms.ActiveCfg = Debug|x86
		{9EB31295-3845-4F18-BD65-1A1AF9D71ABD}.Debug|Mixed Platforms.Build.0 = Debug|x86
		{9EB31295-3845-4F18-BD65-1A1AF9D71ABD}.Debug|x64.ActiveCfg = Debug|x64
		{9EB31295-3845-4F18-BD65-1A1AF9D71ABD}.Debug|x64.Build.0 = Debug|x64
		{9EB31295-3845-4F18-BD65-1A1AF9D71ABD}.Debug|x86.ActiveCfg = Debug|x86
		{9EB31295-3845-4F18-BD65-1A1AF9D71ABD}.Debug|x86.Build.0 = Debug|x86
		{9EB31295-3845-4F18-BD65-1A1AF9D71ABD}.Release|Any CPU.ActiveCfg = Release|Any CPU
		{9EB31295-3845-4F18-BD65-1A1AF9D71ABD}.Release|Any CPU.Build.0 = Release|Any CPU
		{9EB31295-3845-4F18-BD65-1A1AF9D71ABD}.Release|Mixed Platforms.ActiveCfg = Release|x86
		{9EB31295-3845-4F18-BD65-1A1AF9D71ABD}.Release|Mixed Platforms.Build.0 = Release|x86
		{9EB31295-3845-4F18-BD65-1A1AF9D71ABD}.Release|x64.ActiveCfg = Release|x64
		{9EB31295-3845-4F18-BD65-1A1AF9D71ABD}.Release|x64.Build.0 = Release|x64
		{9EB31295-3845-4F18-BD65-1A1AF9D71ABD}.Release|x86.ActiveCfg = Release|x86
		{9EB31295-3845-4F18-BD65-1A1AF9D71ABD}.Release|x86.Build.0 = Release|x86
		{57FE856A-1D2F-4108-8AAE-1740C50C5561}.Debug|Any CPU.ActiveCfg = Debug|Any CPU
		{57FE856A-1D2F-4108-8AAE-1740C50C5561}.Debug|Any CPU.Build.0 = Debug|Any CPU
		{57FE856A-1D2F-4108-8AAE-1740C50C5561}.Debug|Mixed Platforms.ActiveCfg = Debug|x86
		{57FE856A-1D2F-4108-8AAE-1740C50C5561}.Debug|Mixed Platforms.Build.0 = Debug|x86
		{57FE856A-1D2F-4108-8AAE-1740C50C5561}.Debug|x64.ActiveCfg = Debug|x64
		{57FE856A-1D2F-4108-8AAE-1740C50C5561}.Debug|x64.Build.0 = Debug|x64
		{57FE856A-1D2F-4108-8AAE-1740C50C5561}.Debug|x86.ActiveCfg = Debug|x86
		{57FE856A-1D2F-4108-8AAE-1740C50C5561}.Debug|x86.Build.0 = Debug|x86
		{57FE856A-1D2F-4108-8AAE-1740C50C5561}.Release|Any CPU.ActiveCfg = Release|Any CPU
		{57FE856A-1D2F-4108-8AAE-1740C50C5561}.Release|Any CPU.Build.0 = Release|Any CPU
		{57FE856A-1D2F-4108-8AAE-1740C50C5561}.Release|Mixed Platforms.ActiveCfg = Release|x86
		{57FE856A-1D2F-4108-8AAE-1740C50C5561}.Release|Mixed Platforms.Build.0 = Release|x86
		{57FE856A-1D2F-4108-8AAE-1740C50C5561}.Release|x64.ActiveCfg = Release|x64
		{57FE856A-1D2F-4108-8AAE-1740C50C5561}.Release|x64.Build.0 = Release|x64
		{57FE856A-1D2F-4108-8AAE-1740C50C5561}.Release|x86.ActiveCfg = Release|x86
		{57FE856A-1D2F-4108-8AAE-1740C50C5561}.Release|x86.Build.0 = Release|x86
		{9F693694-305B-47FA-B393-1F2A3B13242D}.Debug|Any CPU.ActiveCfg = Debug|Any CPU
		{9F693694-305B-47FA-B393-1F2A3B13242D}.Debug|Any CPU.Build.0 = Debug|Any CPU
		{9F693694-305B-47FA-B393-1F2A3B13242D}.Debug|Mixed Platforms.ActiveCfg = Debug|x86
		{9F693694-305B-47FA-B393-1F2A3B13242D}.Debug|Mixed Platforms.Build.0 = Debug|x86
		{9F693694-305B-47FA-B393-1F2A3B13242D}.Debug|x64.ActiveCfg = Debug|x64
		{9F693694-305B-47FA-B393-1F2A3B13242D}.Debug|x64.Build.0 = Debug|x64
		{9F693694-305B-47FA-B393-1F2A3B13242D}.Debug|x86.ActiveCfg = Debug|x86
		{9F693694-305B-47FA-B393-1F2A3B13242D}.Debug|x86.Build.0 = Debug|x86
		{9F693694-305B-47FA-B393-1F2A3B13242D}.Release|Any CPU.ActiveCfg = Release|Any CPU
		{9F693694-305B-47FA-B393-1F2A3B13242D}.Release|Any CPU.Build.0 = Release|Any CPU
		{9F693694-305B-47FA-B393-1F2A3B13242D}.Release|Mixed Platforms.ActiveCfg = Release|x86
		{9F693694-305B-47FA-B393-1F2A3B13242D}.Release|Mixed Platforms.Build.0 = Release|x86
		{9F693694-305B-47FA-B393-1F2A3B13242D}.Release|x64.ActiveCfg = Release|x64
		{9F693694-305B-47FA-B393-1F2A3B13242D}.Release|x64.Build.0 = Release|x64
		{9F693694-305B-47FA-B393-1F2A3B13242D}.Release|x86.ActiveCfg = Release|x86
		{9F693694-305B-47FA-B393-1F2A3B13242D}.Release|x86.Build.0 = Release|x86
		{FAAEE909-3350-4E4F-BA70-9DC22168C152}.Debug|Any CPU.ActiveCfg = Debug|Any CPU
		{FAAEE909-3350-4E4F-BA70-9DC22168C152}.Debug|Any CPU.Build.0 = Debug|Any CPU
		{FAAEE909-3350-4E4F-BA70-9DC22168C152}.Debug|Mixed Platforms.ActiveCfg = Debug|x86
		{FAAEE909-3350-4E4F-BA70-9DC22168C152}.Debug|Mixed Platforms.Build.0 = Debug|x86
		{FAAEE909-3350-4E4F-BA70-9DC22168C152}.Debug|x64.ActiveCfg = Debug|x64
		{FAAEE909-3350-4E4F-BA70-9DC22168C152}.Debug|x86.ActiveCfg = Debug|x86
		{FAAEE909-3350-4E4F-BA70-9DC22168C152}.Debug|x86.Build.0 = Debug|x86
		{FAAEE909-3350-4E4F-BA70-9DC22168C152}.Release|Any CPU.ActiveCfg = Release|Any CPU
		{FAAEE909-3350-4E4F-BA70-9DC22168C152}.Release|Any CPU.Build.0 = Release|Any CPU
		{FAAEE909-3350-4E4F-BA70-9DC22168C152}.Release|Mixed Platforms.ActiveCfg = Release|x86
		{FAAEE909-3350-4E4F-BA70-9DC22168C152}.Release|Mixed Platforms.Build.0 = Release|x86
		{FAAEE909-3350-4E4F-BA70-9DC22168C152}.Release|x64.ActiveCfg = Release|Any CPU
		{FAAEE909-3350-4E4F-BA70-9DC22168C152}.Release|x86.ActiveCfg = Release|x86
		{FAAEE909-3350-4E4F-BA70-9DC22168C152}.Release|x86.Build.0 = Release|x86
		{A57F19A4-6B79-4708-81CE-03C10A9C04F7}.Debug|Any CPU.ActiveCfg = Debug|Any CPU
		{A57F19A4-6B79-4708-81CE-03C10A9C04F7}.Debug|Any CPU.Build.0 = Debug|Any CPU
		{A57F19A4-6B79-4708-81CE-03C10A9C04F7}.Debug|Mixed Platforms.ActiveCfg = Debug|x86
		{A57F19A4-6B79-4708-81CE-03C10A9C04F7}.Debug|Mixed Platforms.Build.0 = Debug|x86
		{A57F19A4-6B79-4708-81CE-03C10A9C04F7}.Debug|x64.ActiveCfg = Debug|x64
		{A57F19A4-6B79-4708-81CE-03C10A9C04F7}.Debug|x86.ActiveCfg = Debug|x86
		{A57F19A4-6B79-4708-81CE-03C10A9C04F7}.Debug|x86.Build.0 = Debug|x86
		{A57F19A4-6B79-4708-81CE-03C10A9C04F7}.Release|Any CPU.ActiveCfg = Release|Any CPU
		{A57F19A4-6B79-4708-81CE-03C10A9C04F7}.Release|Any CPU.Build.0 = Release|Any CPU
		{A57F19A4-6B79-4708-81CE-03C10A9C04F7}.Release|Mixed Platforms.ActiveCfg = Release|x86
		{A57F19A4-6B79-4708-81CE-03C10A9C04F7}.Release|Mixed Platforms.Build.0 = Release|x86
		{A57F19A4-6B79-4708-81CE-03C10A9C04F7}.Release|x64.ActiveCfg = Release|Any CPU
		{A57F19A4-6B79-4708-81CE-03C10A9C04F7}.Release|x86.ActiveCfg = Release|x86
		{A57F19A4-6B79-4708-81CE-03C10A9C04F7}.Release|x86.Build.0 = Release|x86
		{E0CD8C20-0480-41D5-8E9A-EB32DAE100C8}.Debug|Any CPU.ActiveCfg = Debug|Any CPU
		{E0CD8C20-0480-41D5-8E9A-EB32DAE100C8}.Debug|Any CPU.Build.0 = Debug|Any CPU
		{E0CD8C20-0480-41D5-8E9A-EB32DAE100C8}.Debug|Mixed Platforms.ActiveCfg = Debug|x86
		{E0CD8C20-0480-41D5-8E9A-EB32DAE100C8}.Debug|Mixed Platforms.Build.0 = Debug|x86
		{E0CD8C20-0480-41D5-8E9A-EB32DAE100C8}.Debug|x64.ActiveCfg = Debug|x64
		{E0CD8C20-0480-41D5-8E9A-EB32DAE100C8}.Debug|x86.ActiveCfg = Debug|x86
		{E0CD8C20-0480-41D5-8E9A-EB32DAE100C8}.Debug|x86.Build.0 = Debug|x86
		{E0CD8C20-0480-41D5-8E9A-EB32DAE100C8}.Release|Any CPU.ActiveCfg = Release|Any CPU
		{E0CD8C20-0480-41D5-8E9A-EB32DAE100C8}.Release|Any CPU.Build.0 = Release|Any CPU
		{E0CD8C20-0480-41D5-8E9A-EB32DAE100C8}.Release|Mixed Platforms.ActiveCfg = Release|x86
		{E0CD8C20-0480-41D5-8E9A-EB32DAE100C8}.Release|Mixed Platforms.Build.0 = Release|x86
		{E0CD8C20-0480-41D5-8E9A-EB32DAE100C8}.Release|x64.ActiveCfg = Release|Any CPU
		{E0CD8C20-0480-41D5-8E9A-EB32DAE100C8}.Release|x86.ActiveCfg = Release|x86
		{E0CD8C20-0480-41D5-8E9A-EB32DAE100C8}.Release|x86.Build.0 = Release|x86
		{95BEDDA1-0FE8-4CE9-8D40-33CF9C540080}.Debug|Any CPU.ActiveCfg = Debug|Any CPU
		{95BEDDA1-0FE8-4CE9-8D40-33CF9C540080}.Debug|Any CPU.Build.0 = Debug|Any CPU
		{95BEDDA1-0FE8-4CE9-8D40-33CF9C540080}.Debug|Mixed Platforms.ActiveCfg = Debug|x86
		{95BEDDA1-0FE8-4CE9-8D40-33CF9C540080}.Debug|Mixed Platforms.Build.0 = Debug|x86
		{95BEDDA1-0FE8-4CE9-8D40-33CF9C540080}.Debug|x64.ActiveCfg = Debug|x64
		{95BEDDA1-0FE8-4CE9-8D40-33CF9C540080}.Debug|x64.Build.0 = Debug|x64
		{95BEDDA1-0FE8-4CE9-8D40-33CF9C540080}.Debug|x86.ActiveCfg = Debug|x86
		{95BEDDA1-0FE8-4CE9-8D40-33CF9C540080}.Debug|x86.Build.0 = Debug|x86
		{95BEDDA1-0FE8-4CE9-8D40-33CF9C540080}.Release|Any CPU.ActiveCfg = Release|Any CPU
		{95BEDDA1-0FE8-4CE9-8D40-33CF9C540080}.Release|Any CPU.Build.0 = Release|Any CPU
		{95BEDDA1-0FE8-4CE9-8D40-33CF9C540080}.Release|Mixed Platforms.ActiveCfg = Release|x86
		{95BEDDA1-0FE8-4CE9-8D40-33CF9C540080}.Release|Mixed Platforms.Build.0 = Release|x86
		{95BEDDA1-0FE8-4CE9-8D40-33CF9C540080}.Release|x64.ActiveCfg = Release|x64
		{95BEDDA1-0FE8-4CE9-8D40-33CF9C540080}.Release|x64.Build.0 = Release|x64
		{95BEDDA1-0FE8-4CE9-8D40-33CF9C540080}.Release|x86.ActiveCfg = Release|x86
		{95BEDDA1-0FE8-4CE9-8D40-33CF9C540080}.Release|x86.Build.0 = Release|x86
		{77467A39-77EF-40E3-99D5-2DF3CAD982B5}.Debug|Any CPU.ActiveCfg = Debug|Any CPU
		{77467A39-77EF-40E3-99D5-2DF3CAD982B5}.Debug|Any CPU.Build.0 = Debug|Any CPU
		{77467A39-77EF-40E3-99D5-2DF3CAD982B5}.Debug|Mixed Platforms.ActiveCfg = Debug|x86
		{77467A39-77EF-40E3-99D5-2DF3CAD982B5}.Debug|Mixed Platforms.Build.0 = Debug|x86
		{77467A39-77EF-40E3-99D5-2DF3CAD982B5}.Debug|x64.ActiveCfg = Debug|x64
		{77467A39-77EF-40E3-99D5-2DF3CAD982B5}.Debug|x86.ActiveCfg = Debug|x86
		{77467A39-77EF-40E3-99D5-2DF3CAD982B5}.Debug|x86.Build.0 = Debug|x86
		{77467A39-77EF-40E3-99D5-2DF3CAD982B5}.Release|Any CPU.ActiveCfg = Release|Any CPU
		{77467A39-77EF-40E3-99D5-2DF3CAD982B5}.Release|Any CPU.Build.0 = Release|Any CPU
		{77467A39-77EF-40E3-99D5-2DF3CAD982B5}.Release|Mixed Platforms.ActiveCfg = Release|x86
		{77467A39-77EF-40E3-99D5-2DF3CAD982B5}.Release|Mixed Platforms.Build.0 = Release|x86
		{77467A39-77EF-40E3-99D5-2DF3CAD982B5}.Release|x64.ActiveCfg = Release|Any CPU
		{77467A39-77EF-40E3-99D5-2DF3CAD982B5}.Release|x86.ActiveCfg = Release|x86
		{77467A39-77EF-40E3-99D5-2DF3CAD982B5}.Release|x86.Build.0 = Release|x86
		{5D529712-2C25-409C-A865-F832CF5324CC}.Debug|Any CPU.ActiveCfg = Debug|Any CPU
		{5D529712-2C25-409C-A865-F832CF5324CC}.Debug|Any CPU.Build.0 = Debug|Any CPU
		{5D529712-2C25-409C-A865-F832CF5324CC}.Debug|Mixed Platforms.ActiveCfg = Debug|x86
		{5D529712-2C25-409C-A865-F832CF5324CC}.Debug|Mixed Platforms.Build.0 = Debug|x86
		{5D529712-2C25-409C-A865-F832CF5324CC}.Debug|x64.ActiveCfg = Debug|x64
		{5D529712-2C25-409C-A865-F832CF5324CC}.Debug|x86.ActiveCfg = Debug|x86
		{5D529712-2C25-409C-A865-F832CF5324CC}.Debug|x86.Build.0 = Debug|x86
		{5D529712-2C25-409C-A865-F832CF5324CC}.Release|Any CPU.ActiveCfg = Release|Any CPU
		{5D529712-2C25-409C-A865-F832CF5324CC}.Release|Any CPU.Build.0 = Release|Any CPU
		{5D529712-2C25-409C-A865-F832CF5324CC}.Release|Mixed Platforms.ActiveCfg = Release|x86
		{5D529712-2C25-409C-A865-F832CF5324CC}.Release|Mixed Platforms.Build.0 = Release|x86
		{5D529712-2C25-409C-A865-F832CF5324CC}.Release|x64.ActiveCfg = Release|Any CPU
		{5D529712-2C25-409C-A865-F832CF5324CC}.Release|x86.ActiveCfg = Release|x86
		{5D529712-2C25-409C-A865-F832CF5324CC}.Release|x86.Build.0 = Release|x86
		{A85D8752-51CA-4EF2-B474-820A01A5DA20}.Debug|Any CPU.ActiveCfg = Debug|Any CPU
		{A85D8752-51CA-4EF2-B474-820A01A5DA20}.Debug|Any CPU.Build.0 = Debug|Any CPU
		{A85D8752-51CA-4EF2-B474-820A01A5DA20}.Debug|Mixed Platforms.ActiveCfg = Debug|x86
		{A85D8752-51CA-4EF2-B474-820A01A5DA20}.Debug|Mixed Platforms.Build.0 = Debug|x86
		{A85D8752-51CA-4EF2-B474-820A01A5DA20}.Debug|x64.ActiveCfg = Debug|x64
		{A85D8752-51CA-4EF2-B474-820A01A5DA20}.Debug|x86.ActiveCfg = Debug|x86
		{A85D8752-51CA-4EF2-B474-820A01A5DA20}.Debug|x86.Build.0 = Debug|x86
		{A85D8752-51CA-4EF2-B474-820A01A5DA20}.Release|Any CPU.ActiveCfg = Release|Any CPU
		{A85D8752-51CA-4EF2-B474-820A01A5DA20}.Release|Any CPU.Build.0 = Release|Any CPU
		{A85D8752-51CA-4EF2-B474-820A01A5DA20}.Release|Mixed Platforms.ActiveCfg = Release|x86
		{A85D8752-51CA-4EF2-B474-820A01A5DA20}.Release|Mixed Platforms.Build.0 = Release|x86
		{A85D8752-51CA-4EF2-B474-820A01A5DA20}.Release|x64.ActiveCfg = Release|Any CPU
		{A85D8752-51CA-4EF2-B474-820A01A5DA20}.Release|x86.ActiveCfg = Release|x86
		{A85D8752-51CA-4EF2-B474-820A01A5DA20}.Release|x86.Build.0 = Release|x86
		{B7C00328-3B9E-449C-9F70-5832924AA201}.Debug|Any CPU.ActiveCfg = Debug|Any CPU
		{B7C00328-3B9E-449C-9F70-5832924AA201}.Debug|Any CPU.Build.0 = Debug|Any CPU
		{B7C00328-3B9E-449C-9F70-5832924AA201}.Debug|Mixed Platforms.ActiveCfg = Debug|x86
		{B7C00328-3B9E-449C-9F70-5832924AA201}.Debug|Mixed Platforms.Build.0 = Debug|x86
		{B7C00328-3B9E-449C-9F70-5832924AA201}.Debug|x64.ActiveCfg = Debug|x64
		{B7C00328-3B9E-449C-9F70-5832924AA201}.Debug|x86.ActiveCfg = Debug|x86
		{B7C00328-3B9E-449C-9F70-5832924AA201}.Debug|x86.Build.0 = Debug|x86
		{B7C00328-3B9E-449C-9F70-5832924AA201}.Release|Any CPU.ActiveCfg = Release|Any CPU
		{B7C00328-3B9E-449C-9F70-5832924AA201}.Release|Any CPU.Build.0 = Release|Any CPU
		{B7C00328-3B9E-449C-9F70-5832924AA201}.Release|Mixed Platforms.ActiveCfg = Release|x86
		{B7C00328-3B9E-449C-9F70-5832924AA201}.Release|Mixed Platforms.Build.0 = Release|x86
		{B7C00328-3B9E-449C-9F70-5832924AA201}.Release|x64.ActiveCfg = Release|Any CPU
		{B7C00328-3B9E-449C-9F70-5832924AA201}.Release|x86.ActiveCfg = Release|x86
		{B7C00328-3B9E-449C-9F70-5832924AA201}.Release|x86.Build.0 = Release|x86
		{F526F87E-8396-47F2-9B2B-922E8B09C4FD}.Debug|Any CPU.ActiveCfg = Debug|Any CPU
		{F526F87E-8396-47F2-9B2B-922E8B09C4FD}.Debug|Any CPU.Build.0 = Debug|Any CPU
		{F526F87E-8396-47F2-9B2B-922E8B09C4FD}.Debug|Mixed Platforms.ActiveCfg = Debug|x86
		{F526F87E-8396-47F2-9B2B-922E8B09C4FD}.Debug|Mixed Platforms.Build.0 = Debug|x86
		{F526F87E-8396-47F2-9B2B-922E8B09C4FD}.Debug|x64.ActiveCfg = Debug|x64
		{F526F87E-8396-47F2-9B2B-922E8B09C4FD}.Debug|x86.ActiveCfg = Debug|x86
		{F526F87E-8396-47F2-9B2B-922E8B09C4FD}.Debug|x86.Build.0 = Debug|x86
		{F526F87E-8396-47F2-9B2B-922E8B09C4FD}.Release|Any CPU.ActiveCfg = Release|Any CPU
		{F526F87E-8396-47F2-9B2B-922E8B09C4FD}.Release|Any CPU.Build.0 = Release|Any CPU
		{F526F87E-8396-47F2-9B2B-922E8B09C4FD}.Release|Mixed Platforms.ActiveCfg = Release|x86
		{F526F87E-8396-47F2-9B2B-922E8B09C4FD}.Release|Mixed Platforms.Build.0 = Release|x86
		{F526F87E-8396-47F2-9B2B-922E8B09C4FD}.Release|x64.ActiveCfg = Release|Any CPU
		{F526F87E-8396-47F2-9B2B-922E8B09C4FD}.Release|x86.ActiveCfg = Release|x86
		{F526F87E-8396-47F2-9B2B-922E8B09C4FD}.Release|x86.Build.0 = Release|x86
		{CF931943-16A1-4B6C-9938-3D22A8DED2B7}.Debug|Any CPU.ActiveCfg = Debug|Any CPU
		{CF931943-16A1-4B6C-9938-3D22A8DED2B7}.Debug|Any CPU.Build.0 = Debug|Any CPU
		{CF931943-16A1-4B6C-9938-3D22A8DED2B7}.Debug|Mixed Platforms.ActiveCfg = Debug|x86
		{CF931943-16A1-4B6C-9938-3D22A8DED2B7}.Debug|Mixed Platforms.Build.0 = Debug|x86
		{CF931943-16A1-4B6C-9938-3D22A8DED2B7}.Debug|x64.ActiveCfg = Debug|x64
		{CF931943-16A1-4B6C-9938-3D22A8DED2B7}.Debug|x86.ActiveCfg = Debug|x86
		{CF931943-16A1-4B6C-9938-3D22A8DED2B7}.Debug|x86.Build.0 = Debug|x86
		{CF931943-16A1-4B6C-9938-3D22A8DED2B7}.Release|Any CPU.ActiveCfg = Release|Any CPU
		{CF931943-16A1-4B6C-9938-3D22A8DED2B7}.Release|Any CPU.Build.0 = Release|Any CPU
		{CF931943-16A1-4B6C-9938-3D22A8DED2B7}.Release|Mixed Platforms.ActiveCfg = Release|x86
		{CF931943-16A1-4B6C-9938-3D22A8DED2B7}.Release|Mixed Platforms.Build.0 = Release|x86
		{CF931943-16A1-4B6C-9938-3D22A8DED2B7}.Release|x64.ActiveCfg = Release|Any CPU
		{CF931943-16A1-4B6C-9938-3D22A8DED2B7}.Release|x86.ActiveCfg = Release|x86
		{CF931943-16A1-4B6C-9938-3D22A8DED2B7}.Release|x86.Build.0 = Release|x86
		{168492A6-16A8-4160-9EBF-2F6E9912D707}.Debug|Any CPU.ActiveCfg = Debug|Any CPU
		{168492A6-16A8-4160-9EBF-2F6E9912D707}.Debug|Any CPU.Build.0 = Debug|Any CPU
		{168492A6-16A8-4160-9EBF-2F6E9912D707}.Debug|Mixed Platforms.ActiveCfg = Debug|x86
		{168492A6-16A8-4160-9EBF-2F6E9912D707}.Debug|Mixed Platforms.Build.0 = Debug|x86
		{168492A6-16A8-4160-9EBF-2F6E9912D707}.Debug|x64.ActiveCfg = Debug|x64
		{168492A6-16A8-4160-9EBF-2F6E9912D707}.Debug|x86.ActiveCfg = Debug|x86
		{168492A6-16A8-4160-9EBF-2F6E9912D707}.Debug|x86.Build.0 = Debug|x86
		{168492A6-16A8-4160-9EBF-2F6E9912D707}.Release|Any CPU.ActiveCfg = Release|Any CPU
		{168492A6-16A8-4160-9EBF-2F6E9912D707}.Release|Any CPU.Build.0 = Release|Any CPU
		{168492A6-16A8-4160-9EBF-2F6E9912D707}.Release|Mixed Platforms.ActiveCfg = Release|x86
		{168492A6-16A8-4160-9EBF-2F6E9912D707}.Release|Mixed Platforms.Build.0 = Release|x86
		{168492A6-16A8-4160-9EBF-2F6E9912D707}.Release|x64.ActiveCfg = Release|Any CPU
		{168492A6-16A8-4160-9EBF-2F6E9912D707}.Release|x86.ActiveCfg = Release|x86
		{168492A6-16A8-4160-9EBF-2F6E9912D707}.Release|x86.Build.0 = Release|x86
		{30B45582-C56E-4BCF-BA88-170FAEABEA13}.Debug|Any CPU.ActiveCfg = Debug|Any CPU
		{30B45582-C56E-4BCF-BA88-170FAEABEA13}.Debug|Any CPU.Build.0 = Debug|Any CPU
		{30B45582-C56E-4BCF-BA88-170FAEABEA13}.Debug|Mixed Platforms.ActiveCfg = Debug|Any CPU
		{30B45582-C56E-4BCF-BA88-170FAEABEA13}.Debug|Mixed Platforms.Build.0 = Debug|Any CPU
		{30B45582-C56E-4BCF-BA88-170FAEABEA13}.Debug|x64.ActiveCfg = Debug|x64
		{30B45582-C56E-4BCF-BA88-170FAEABEA13}.Debug|x86.ActiveCfg = Debug|x86
		{30B45582-C56E-4BCF-BA88-170FAEABEA13}.Debug|x86.Build.0 = Debug|x86
		{30B45582-C56E-4BCF-BA88-170FAEABEA13}.Release|Any CPU.ActiveCfg = Release|Any CPU
		{30B45582-C56E-4BCF-BA88-170FAEABEA13}.Release|Any CPU.Build.0 = Release|Any CPU
		{30B45582-C56E-4BCF-BA88-170FAEABEA13}.Release|Mixed Platforms.ActiveCfg = Release|Any CPU
		{30B45582-C56E-4BCF-BA88-170FAEABEA13}.Release|Mixed Platforms.Build.0 = Release|Any CPU
		{30B45582-C56E-4BCF-BA88-170FAEABEA13}.Release|x64.ActiveCfg = Release|Any CPU
		{30B45582-C56E-4BCF-BA88-170FAEABEA13}.Release|x86.ActiveCfg = Release|x86
		{30B45582-C56E-4BCF-BA88-170FAEABEA13}.Release|x86.Build.0 = Release|x86
		{AEE68A3B-123F-4771-B80F-B2DA45C667A3}.Debug|Any CPU.ActiveCfg = Debug|Any CPU
		{AEE68A3B-123F-4771-B80F-B2DA45C667A3}.Debug|Any CPU.Build.0 = Debug|Any CPU
		{AEE68A3B-123F-4771-B80F-B2DA45C667A3}.Debug|Mixed Platforms.ActiveCfg = Debug|Any CPU
		{AEE68A3B-123F-4771-B80F-B2DA45C667A3}.Debug|Mixed Platforms.Build.0 = Debug|Any CPU
		{AEE68A3B-123F-4771-B80F-B2DA45C667A3}.Debug|x64.ActiveCfg = Debug|x64
		{AEE68A3B-123F-4771-B80F-B2DA45C667A3}.Debug|x86.ActiveCfg = Debug|x86
		{AEE68A3B-123F-4771-B80F-B2DA45C667A3}.Debug|x86.Build.0 = Debug|x86
		{AEE68A3B-123F-4771-B80F-B2DA45C667A3}.Release|Any CPU.ActiveCfg = Release|Any CPU
		{AEE68A3B-123F-4771-B80F-B2DA45C667A3}.Release|Any CPU.Build.0 = Release|Any CPU
		{AEE68A3B-123F-4771-B80F-B2DA45C667A3}.Release|Mixed Platforms.ActiveCfg = Release|Any CPU
		{AEE68A3B-123F-4771-B80F-B2DA45C667A3}.Release|Mixed Platforms.Build.0 = Release|Any CPU
		{AEE68A3B-123F-4771-B80F-B2DA45C667A3}.Release|x64.ActiveCfg = Release|Any CPU
		{AEE68A3B-123F-4771-B80F-B2DA45C667A3}.Release|x86.ActiveCfg = Release|x86
		{AEE68A3B-123F-4771-B80F-B2DA45C667A3}.Release|x86.Build.0 = Release|x86
		{F7EAD3E8-80A0-4BE8-BB32-2C180D89551B}.Debug|Any CPU.ActiveCfg = Debug|Any CPU
		{F7EAD3E8-80A0-4BE8-BB32-2C180D89551B}.Debug|Any CPU.Build.0 = Debug|Any CPU
		{F7EAD3E8-80A0-4BE8-BB32-2C180D89551B}.Debug|Mixed Platforms.ActiveCfg = Debug|x86
		{F7EAD3E8-80A0-4BE8-BB32-2C180D89551B}.Debug|Mixed Platforms.Build.0 = Debug|x86
		{F7EAD3E8-80A0-4BE8-BB32-2C180D89551B}.Debug|x64.ActiveCfg = Debug|x64
		{F7EAD3E8-80A0-4BE8-BB32-2C180D89551B}.Debug|x64.Build.0 = Debug|x64
		{F7EAD3E8-80A0-4BE8-BB32-2C180D89551B}.Debug|x86.ActiveCfg = Debug|x86
		{F7EAD3E8-80A0-4BE8-BB32-2C180D89551B}.Debug|x86.Build.0 = Debug|x86
		{F7EAD3E8-80A0-4BE8-BB32-2C180D89551B}.Release|Any CPU.ActiveCfg = Release|Any CPU
		{F7EAD3E8-80A0-4BE8-BB32-2C180D89551B}.Release|Any CPU.Build.0 = Release|Any CPU
		{F7EAD3E8-80A0-4BE8-BB32-2C180D89551B}.Release|Mixed Platforms.ActiveCfg = Release|x86
		{F7EAD3E8-80A0-4BE8-BB32-2C180D89551B}.Release|Mixed Platforms.Build.0 = Release|x86
		{F7EAD3E8-80A0-4BE8-BB32-2C180D89551B}.Release|x64.ActiveCfg = Release|Any CPU
		{F7EAD3E8-80A0-4BE8-BB32-2C180D89551B}.Release|x64.Build.0 = Release|Any CPU
		{F7EAD3E8-80A0-4BE8-BB32-2C180D89551B}.Release|x86.ActiveCfg = Release|x86
		{F7EAD3E8-80A0-4BE8-BB32-2C180D89551B}.Release|x86.Build.0 = Release|x86
		{42514C10-FB49-42D7-9D21-C496F8FA47EC}.Debug|Any CPU.ActiveCfg = Debug|Any CPU
		{42514C10-FB49-42D7-9D21-C496F8FA47EC}.Debug|Any CPU.Build.0 = Debug|Any CPU
		{42514C10-FB49-42D7-9D21-C496F8FA47EC}.Debug|Mixed Platforms.ActiveCfg = Debug|x86
		{42514C10-FB49-42D7-9D21-C496F8FA47EC}.Debug|Mixed Platforms.Build.0 = Debug|x86
		{42514C10-FB49-42D7-9D21-C496F8FA47EC}.Debug|x64.ActiveCfg = Debug|x64
		{42514C10-FB49-42D7-9D21-C496F8FA47EC}.Debug|x64.Build.0 = Debug|x64
		{42514C10-FB49-42D7-9D21-C496F8FA47EC}.Debug|x86.ActiveCfg = Debug|x86
		{42514C10-FB49-42D7-9D21-C496F8FA47EC}.Debug|x86.Build.0 = Debug|x86
		{42514C10-FB49-42D7-9D21-C496F8FA47EC}.Release|Any CPU.ActiveCfg = Release|Any CPU
		{42514C10-FB49-42D7-9D21-C496F8FA47EC}.Release|Any CPU.Build.0 = Release|Any CPU
		{42514C10-FB49-42D7-9D21-C496F8FA47EC}.Release|Mixed Platforms.ActiveCfg = Release|x86
		{42514C10-FB49-42D7-9D21-C496F8FA47EC}.Release|Mixed Platforms.Build.0 = Release|x86
		{42514C10-FB49-42D7-9D21-C496F8FA47EC}.Release|x64.ActiveCfg = Release|Any CPU
		{42514C10-FB49-42D7-9D21-C496F8FA47EC}.Release|x64.Build.0 = Release|Any CPU
		{42514C10-FB49-42D7-9D21-C496F8FA47EC}.Release|x86.ActiveCfg = Release|x86
		{42514C10-FB49-42D7-9D21-C496F8FA47EC}.Release|x86.Build.0 = Release|x86
		{A3C7CEAB-E53A-4637-884A-8970541F4006}.Debug|Any CPU.ActiveCfg = Debug|Any CPU
		{A3C7CEAB-E53A-4637-884A-8970541F4006}.Debug|Any CPU.Build.0 = Debug|Any CPU
		{A3C7CEAB-E53A-4637-884A-8970541F4006}.Debug|Mixed Platforms.ActiveCfg = Debug|x86
		{A3C7CEAB-E53A-4637-884A-8970541F4006}.Debug|Mixed Platforms.Build.0 = Debug|x86
		{A3C7CEAB-E53A-4637-884A-8970541F4006}.Debug|x64.ActiveCfg = Debug|x64
		{A3C7CEAB-E53A-4637-884A-8970541F4006}.Debug|x64.Build.0 = Debug|x64
		{A3C7CEAB-E53A-4637-884A-8970541F4006}.Debug|x86.ActiveCfg = Debug|x86
		{A3C7CEAB-E53A-4637-884A-8970541F4006}.Debug|x86.Build.0 = Debug|x86
		{A3C7CEAB-E53A-4637-884A-8970541F4006}.Release|Any CPU.ActiveCfg = Release|Any CPU
		{A3C7CEAB-E53A-4637-884A-8970541F4006}.Release|Any CPU.Build.0 = Release|Any CPU
		{A3C7CEAB-E53A-4637-884A-8970541F4006}.Release|Mixed Platforms.ActiveCfg = Release|x86
		{A3C7CEAB-E53A-4637-884A-8970541F4006}.Release|Mixed Platforms.Build.0 = Release|x86
		{A3C7CEAB-E53A-4637-884A-8970541F4006}.Release|x64.ActiveCfg = Release|Any CPU
		{A3C7CEAB-E53A-4637-884A-8970541F4006}.Release|x64.Build.0 = Release|Any CPU
		{A3C7CEAB-E53A-4637-884A-8970541F4006}.Release|x86.ActiveCfg = Release|x86
		{A3C7CEAB-E53A-4637-884A-8970541F4006}.Release|x86.Build.0 = Release|x86
		{128C67D1-5D43-4BAF-BF6C-BA05CFBE07C0}.Debug|Any CPU.ActiveCfg = Debug|Any CPU
		{128C67D1-5D43-4BAF-BF6C-BA05CFBE07C0}.Debug|Any CPU.Build.0 = Debug|Any CPU
		{128C67D1-5D43-4BAF-BF6C-BA05CFBE07C0}.Debug|Mixed Platforms.ActiveCfg = Debug|x86
		{128C67D1-5D43-4BAF-BF6C-BA05CFBE07C0}.Debug|Mixed Platforms.Build.0 = Debug|x86
		{128C67D1-5D43-4BAF-BF6C-BA05CFBE07C0}.Debug|x64.ActiveCfg = Debug|x64
		{128C67D1-5D43-4BAF-BF6C-BA05CFBE07C0}.Debug|x64.Build.0 = Debug|x64
		{128C67D1-5D43-4BAF-BF6C-BA05CFBE07C0}.Debug|x86.ActiveCfg = Debug|x86
		{128C67D1-5D43-4BAF-BF6C-BA05CFBE07C0}.Debug|x86.Build.0 = Debug|x86
		{128C67D1-5D43-4BAF-BF6C-BA05CFBE07C0}.Release|Any CPU.ActiveCfg = Release|Any CPU
		{128C67D1-5D43-4BAF-BF6C-BA05CFBE07C0}.Release|Any CPU.Build.0 = Release|Any CPU
		{128C67D1-5D43-4BAF-BF6C-BA05CFBE07C0}.Release|Mixed Platforms.ActiveCfg = Release|x86
		{128C67D1-5D43-4BAF-BF6C-BA05CFBE07C0}.Release|Mixed Platforms.Build.0 = Release|x86
		{128C67D1-5D43-4BAF-BF6C-BA05CFBE07C0}.Release|x64.ActiveCfg = Release|x64
		{128C67D1-5D43-4BAF-BF6C-BA05CFBE07C0}.Release|x64.Build.0 = Release|x64
		{128C67D1-5D43-4BAF-BF6C-BA05CFBE07C0}.Release|x86.ActiveCfg = Release|x86
		{128C67D1-5D43-4BAF-BF6C-BA05CFBE07C0}.Release|x86.Build.0 = Release|x86
		{87E62C5A-6EC3-4034-A2B7-96F0E0327DFF}.Debug|Any CPU.ActiveCfg = Debug|Any CPU
		{87E62C5A-6EC3-4034-A2B7-96F0E0327DFF}.Debug|Any CPU.Build.0 = Debug|Any CPU
		{87E62C5A-6EC3-4034-A2B7-96F0E0327DFF}.Debug|Mixed Platforms.ActiveCfg = Debug|x86
		{87E62C5A-6EC3-4034-A2B7-96F0E0327DFF}.Debug|Mixed Platforms.Build.0 = Debug|x86
		{87E62C5A-6EC3-4034-A2B7-96F0E0327DFF}.Debug|x64.ActiveCfg = Debug|x64
		{87E62C5A-6EC3-4034-A2B7-96F0E0327DFF}.Debug|x64.Build.0 = Debug|x64
		{87E62C5A-6EC3-4034-A2B7-96F0E0327DFF}.Debug|x86.ActiveCfg = Debug|x86
		{87E62C5A-6EC3-4034-A2B7-96F0E0327DFF}.Debug|x86.Build.0 = Debug|x86
		{87E62C5A-6EC3-4034-A2B7-96F0E0327DFF}.Release|Any CPU.ActiveCfg = Release|Any CPU
		{87E62C5A-6EC3-4034-A2B7-96F0E0327DFF}.Release|Any CPU.Build.0 = Release|Any CPU
		{87E62C5A-6EC3-4034-A2B7-96F0E0327DFF}.Release|Mixed Platforms.ActiveCfg = Release|x86
		{87E62C5A-6EC3-4034-A2B7-96F0E0327DFF}.Release|Mixed Platforms.Build.0 = Release|x86
		{87E62C5A-6EC3-4034-A2B7-96F0E0327DFF}.Release|x64.ActiveCfg = Release|Any CPU
		{87E62C5A-6EC3-4034-A2B7-96F0E0327DFF}.Release|x64.Build.0 = Release|Any CPU
		{87E62C5A-6EC3-4034-A2B7-96F0E0327DFF}.Release|x86.ActiveCfg = Release|x86
		{87E62C5A-6EC3-4034-A2B7-96F0E0327DFF}.Release|x86.Build.0 = Release|x86
		{E1E71531-E3AA-4D87-B697-349C8CC022AB}.Debug|Any CPU.ActiveCfg = Debug|Any CPU
		{E1E71531-E3AA-4D87-B697-349C8CC022AB}.Debug|Any CPU.Build.0 = Debug|Any CPU
		{E1E71531-E3AA-4D87-B697-349C8CC022AB}.Debug|Mixed Platforms.ActiveCfg = Debug|x86
		{E1E71531-E3AA-4D87-B697-349C8CC022AB}.Debug|Mixed Platforms.Build.0 = Debug|x86
		{E1E71531-E3AA-4D87-B697-349C8CC022AB}.Debug|x64.ActiveCfg = Debug|x64
		{E1E71531-E3AA-4D87-B697-349C8CC022AB}.Debug|x64.Build.0 = Debug|x64
		{E1E71531-E3AA-4D87-B697-349C8CC022AB}.Debug|x86.ActiveCfg = Debug|x86
		{E1E71531-E3AA-4D87-B697-349C8CC022AB}.Debug|x86.Build.0 = Debug|x86
		{E1E71531-E3AA-4D87-B697-349C8CC022AB}.Release|Any CPU.ActiveCfg = Release|Any CPU
		{E1E71531-E3AA-4D87-B697-349C8CC022AB}.Release|Any CPU.Build.0 = Release|Any CPU
		{E1E71531-E3AA-4D87-B697-349C8CC022AB}.Release|Mixed Platforms.ActiveCfg = Release|x86
		{E1E71531-E3AA-4D87-B697-349C8CC022AB}.Release|Mixed Platforms.Build.0 = Release|x86
		{E1E71531-E3AA-4D87-B697-349C8CC022AB}.Release|x64.ActiveCfg = Release|x64
		{E1E71531-E3AA-4D87-B697-349C8CC022AB}.Release|x64.Build.0 = Release|x64
		{E1E71531-E3AA-4D87-B697-349C8CC022AB}.Release|x86.ActiveCfg = Release|x86
		{E1E71531-E3AA-4D87-B697-349C8CC022AB}.Release|x86.Build.0 = Release|x86
		{7B05A4EC-0279-47D1-886A-C2EECF030976}.Debug|Any CPU.ActiveCfg = Debug|Any CPU
		{7B05A4EC-0279-47D1-886A-C2EECF030976}.Debug|Any CPU.Build.0 = Debug|Any CPU
		{7B05A4EC-0279-47D1-886A-C2EECF030976}.Debug|Mixed Platforms.ActiveCfg = Debug|x86
		{7B05A4EC-0279-47D1-886A-C2EECF030976}.Debug|Mixed Platforms.Build.0 = Debug|x86
		{7B05A4EC-0279-47D1-886A-C2EECF030976}.Debug|x64.ActiveCfg = Debug|x64
		{7B05A4EC-0279-47D1-886A-C2EECF030976}.Debug|x64.Build.0 = Debug|x64
		{7B05A4EC-0279-47D1-886A-C2EECF030976}.Debug|x86.ActiveCfg = Debug|x86
		{7B05A4EC-0279-47D1-886A-C2EECF030976}.Debug|x86.Build.0 = Debug|x86
		{7B05A4EC-0279-47D1-886A-C2EECF030976}.Release|Any CPU.ActiveCfg = Release|Any CPU
		{7B05A4EC-0279-47D1-886A-C2EECF030976}.Release|Any CPU.Build.0 = Release|Any CPU
		{7B05A4EC-0279-47D1-886A-C2EECF030976}.Release|Mixed Platforms.ActiveCfg = Release|x86
		{7B05A4EC-0279-47D1-886A-C2EECF030976}.Release|Mixed Platforms.Build.0 = Release|x86
		{7B05A4EC-0279-47D1-886A-C2EECF030976}.Release|x64.ActiveCfg = Release|x64
		{7B05A4EC-0279-47D1-886A-C2EECF030976}.Release|x64.Build.0 = Release|x64
		{7B05A4EC-0279-47D1-886A-C2EECF030976}.Release|x86.ActiveCfg = Release|x86
		{7B05A4EC-0279-47D1-886A-C2EECF030976}.Release|x86.Build.0 = Release|x86
		{18051D54-C6EB-4685-BF80-75544CC8FF30}.Debug|Any CPU.ActiveCfg = Debug|Any CPU
		{18051D54-C6EB-4685-BF80-75544CC8FF30}.Debug|Any CPU.Build.0 = Debug|Any CPU
		{18051D54-C6EB-4685-BF80-75544CC8FF30}.Debug|Mixed Platforms.ActiveCfg = Debug|Any CPU
		{18051D54-C6EB-4685-BF80-75544CC8FF30}.Debug|Mixed Platforms.Build.0 = Debug|Any CPU
		{18051D54-C6EB-4685-BF80-75544CC8FF30}.Debug|x64.ActiveCfg = Debug|Any CPU
		{18051D54-C6EB-4685-BF80-75544CC8FF30}.Debug|x64.Build.0 = Debug|Any CPU
		{18051D54-C6EB-4685-BF80-75544CC8FF30}.Debug|x86.ActiveCfg = Debug|x86
		{18051D54-C6EB-4685-BF80-75544CC8FF30}.Debug|x86.Build.0 = Debug|x86
		{18051D54-C6EB-4685-BF80-75544CC8FF30}.Release|Any CPU.ActiveCfg = Release|Any CPU
		{18051D54-C6EB-4685-BF80-75544CC8FF30}.Release|Any CPU.Build.0 = Release|Any CPU
		{18051D54-C6EB-4685-BF80-75544CC8FF30}.Release|Mixed Platforms.ActiveCfg = Release|Any CPU
		{18051D54-C6EB-4685-BF80-75544CC8FF30}.Release|Mixed Platforms.Build.0 = Release|Any CPU
		{18051D54-C6EB-4685-BF80-75544CC8FF30}.Release|x64.ActiveCfg = Release|Any CPU
		{18051D54-C6EB-4685-BF80-75544CC8FF30}.Release|x64.Build.0 = Release|Any CPU
		{18051D54-C6EB-4685-BF80-75544CC8FF30}.Release|x86.ActiveCfg = Release|x86
		{18051D54-C6EB-4685-BF80-75544CC8FF30}.Release|x86.Build.0 = Release|x86
		{C53EB389-E61A-48B2-B06A-888FE366DE54}.Debug|Any CPU.ActiveCfg = Debug|Any CPU
		{C53EB389-E61A-48B2-B06A-888FE366DE54}.Debug|Any CPU.Build.0 = Debug|Any CPU
		{C53EB389-E61A-48B2-B06A-888FE366DE54}.Debug|Mixed Platforms.ActiveCfg = Debug|x86
		{C53EB389-E61A-48B2-B06A-888FE366DE54}.Debug|Mixed Platforms.Build.0 = Debug|x86
		{C53EB389-E61A-48B2-B06A-888FE366DE54}.Debug|x64.ActiveCfg = Debug|Any CPU
		{C53EB389-E61A-48B2-B06A-888FE366DE54}.Debug|x64.Build.0 = Debug|Any CPU
		{C53EB389-E61A-48B2-B06A-888FE366DE54}.Debug|x86.ActiveCfg = Debug|x86
		{C53EB389-E61A-48B2-B06A-888FE366DE54}.Debug|x86.Build.0 = Debug|x86
		{C53EB389-E61A-48B2-B06A-888FE366DE54}.Release|Any CPU.ActiveCfg = Release|Any CPU
		{C53EB389-E61A-48B2-B06A-888FE366DE54}.Release|Any CPU.Build.0 = Release|Any CPU
		{C53EB389-E61A-48B2-B06A-888FE366DE54}.Release|Mixed Platforms.ActiveCfg = Release|x86
		{C53EB389-E61A-48B2-B06A-888FE366DE54}.Release|Mixed Platforms.Build.0 = Release|x86
		{C53EB389-E61A-48B2-B06A-888FE366DE54}.Release|x64.ActiveCfg = Release|Any CPU
		{C53EB389-E61A-48B2-B06A-888FE366DE54}.Release|x64.Build.0 = Release|Any CPU
		{C53EB389-E61A-48B2-B06A-888FE366DE54}.Release|x86.ActiveCfg = Release|x86
		{C53EB389-E61A-48B2-B06A-888FE366DE54}.Release|x86.Build.0 = Release|x86
		{D55B87E9-2B5B-4ABC-9A6A-92323069486C}.Debug|Any CPU.ActiveCfg = Debug|Any CPU
		{D55B87E9-2B5B-4ABC-9A6A-92323069486C}.Debug|Any CPU.Build.0 = Debug|Any CPU
		{D55B87E9-2B5B-4ABC-9A6A-92323069486C}.Debug|Mixed Platforms.ActiveCfg = Debug|Any CPU
		{D55B87E9-2B5B-4ABC-9A6A-92323069486C}.Debug|Mixed Platforms.Build.0 = Debug|Any CPU
		{D55B87E9-2B5B-4ABC-9A6A-92323069486C}.Debug|x64.ActiveCfg = Debug|Any CPU
		{D55B87E9-2B5B-4ABC-9A6A-92323069486C}.Debug|x64.Build.0 = Debug|Any CPU
		{D55B87E9-2B5B-4ABC-9A6A-92323069486C}.Debug|x86.ActiveCfg = Debug|x86
		{D55B87E9-2B5B-4ABC-9A6A-92323069486C}.Debug|x86.Build.0 = Debug|x86
		{D55B87E9-2B5B-4ABC-9A6A-92323069486C}.Release|Any CPU.ActiveCfg = Release|Any CPU
		{D55B87E9-2B5B-4ABC-9A6A-92323069486C}.Release|Any CPU.Build.0 = Release|Any CPU
		{D55B87E9-2B5B-4ABC-9A6A-92323069486C}.Release|Mixed Platforms.ActiveCfg = Release|Any CPU
		{D55B87E9-2B5B-4ABC-9A6A-92323069486C}.Release|Mixed Platforms.Build.0 = Release|Any CPU
		{D55B87E9-2B5B-4ABC-9A6A-92323069486C}.Release|x64.ActiveCfg = Release|Any CPU
		{D55B87E9-2B5B-4ABC-9A6A-92323069486C}.Release|x64.Build.0 = Release|Any CPU
		{D55B87E9-2B5B-4ABC-9A6A-92323069486C}.Release|x86.ActiveCfg = Release|x86
		{D55B87E9-2B5B-4ABC-9A6A-92323069486C}.Release|x86.Build.0 = Release|x86
	EndGlobalSection
	GlobalSection(SolutionProperties) = preSolution
		HideSolutionNode = FALSE
	EndGlobalSection
	GlobalSection(NestedProjects) = preSolution
		{970C7D36-4259-4CCC-8FF8-835EFE684395} = {5E8BEC2E-E812-453F-A292-FD91C9EC9E7E}
		{884B68F2-6F43-439D-91AE-31BAF151FE05} = {5E8BEC2E-E812-453F-A292-FD91C9EC9E7E}
		{12B9824E-F870-4446-BF10-CC5AE7FA601E} = {5E8BEC2E-E812-453F-A292-FD91C9EC9E7E}
		{819885A6-5D65-4D29-97C8-F4C9E0CC7EC6} = {5E8BEC2E-E812-453F-A292-FD91C9EC9E7E}
		{D8D1BE49-252F-4167-8245-53285E47E8A0} = {5E8BEC2E-E812-453F-A292-FD91C9EC9E7E}
		{D52B9CE3-8D34-4A2A-9823-D9208F846D97} = {5E8BEC2E-E812-453F-A292-FD91C9EC9E7E}
		{30B6B23A-3DFA-4495-A50E-0FC239DD4A47} = {76A35511-BA98-455C-9CC8-762E6D2E0791}
		{3C3CEB62-D9C1-4BE3-AE83-ACFD23999020} = {706F840F-ED9B-4430-AC6D-C14346F13B0E}
		{08AC55A7-5A0D-4A50-8EE7-93148A22250A} = {5E8BEC2E-E812-453F-A292-FD91C9EC9E7E}
		{91A13749-F1E2-4DF8-901B-9A68369AF8EA} = {5E8BEC2E-E812-453F-A292-FD91C9EC9E7E}
		{BECFB342-848A-4819-A4C7-A2CFA9BDBA28} = {5E8BEC2E-E812-453F-A292-FD91C9EC9E7E}
		{9EB31295-3845-4F18-BD65-1A1AF9D71ABD} = {5E8BEC2E-E812-453F-A292-FD91C9EC9E7E}
		{57FE856A-1D2F-4108-8AAE-1740C50C5561} = {706F840F-ED9B-4430-AC6D-C14346F13B0E}
		{9F693694-305B-47FA-B393-1F2A3B13242D} = {706F840F-ED9B-4430-AC6D-C14346F13B0E}
		{FAAEE909-3350-4E4F-BA70-9DC22168C152} = {706F840F-ED9B-4430-AC6D-C14346F13B0E}
		{A57F19A4-6B79-4708-81CE-03C10A9C04F7} = {706F840F-ED9B-4430-AC6D-C14346F13B0E}
		{E0CD8C20-0480-41D5-8E9A-EB32DAE100C8} = {706F840F-ED9B-4430-AC6D-C14346F13B0E}
		{95BEDDA1-0FE8-4CE9-8D40-33CF9C540080} = {706F840F-ED9B-4430-AC6D-C14346F13B0E}
		{77467A39-77EF-40E3-99D5-2DF3CAD982B5} = {706F840F-ED9B-4430-AC6D-C14346F13B0E}
		{5D529712-2C25-409C-A865-F832CF5324CC} = {706F840F-ED9B-4430-AC6D-C14346F13B0E}
		{A85D8752-51CA-4EF2-B474-820A01A5DA20} = {706F840F-ED9B-4430-AC6D-C14346F13B0E}
		{B7C00328-3B9E-449C-9F70-5832924AA201} = {706F840F-ED9B-4430-AC6D-C14346F13B0E}
		{F526F87E-8396-47F2-9B2B-922E8B09C4FD} = {706F840F-ED9B-4430-AC6D-C14346F13B0E}
		{CF931943-16A1-4B6C-9938-3D22A8DED2B7} = {706F840F-ED9B-4430-AC6D-C14346F13B0E}
		{168492A6-16A8-4160-9EBF-2F6E9912D707} = {706F840F-ED9B-4430-AC6D-C14346F13B0E}
		{30B45582-C56E-4BCF-BA88-170FAEABEA13} = {706F840F-ED9B-4430-AC6D-C14346F13B0E}
		{AEE68A3B-123F-4771-B80F-B2DA45C667A3} = {706F840F-ED9B-4430-AC6D-C14346F13B0E}
		{F7EAD3E8-80A0-4BE8-BB32-2C180D89551B} = {706F840F-ED9B-4430-AC6D-C14346F13B0E}
		{42514C10-FB49-42D7-9D21-C496F8FA47EC} = {706F840F-ED9B-4430-AC6D-C14346F13B0E}
		{A3C7CEAB-E53A-4637-884A-8970541F4006} = {706F840F-ED9B-4430-AC6D-C14346F13B0E}
		{128C67D1-5D43-4BAF-BF6C-BA05CFBE07C0} = {5E8BEC2E-E812-453F-A292-FD91C9EC9E7E}
		{87E62C5A-6EC3-4034-A2B7-96F0E0327DFF} = {5E8BEC2E-E812-453F-A292-FD91C9EC9E7E}
		{E1E71531-E3AA-4D87-B697-349C8CC022AB} = {706F840F-ED9B-4430-AC6D-C14346F13B0E}
		{7B05A4EC-0279-47D1-886A-C2EECF030976} = {5E8BEC2E-E812-453F-A292-FD91C9EC9E7E}
		{18051D54-C6EB-4685-BF80-75544CC8FF30} = {5E8BEC2E-E812-453F-A292-FD91C9EC9E7E}
		{C53EB389-E61A-48B2-B06A-888FE366DE54} = {706F840F-ED9B-4430-AC6D-C14346F13B0E}
		{D55B87E9-2B5B-4ABC-9A6A-92323069486C} = {706F840F-ED9B-4430-AC6D-C14346F13B0E}
	EndGlobalSection
	GlobalSection(ExtensibilityGlobals) = postSolution
		SolutionGuid = {1AD91C12-2BD4-444D-A690-F2AA0E7ABF34}
	EndGlobalSection
EndGlobal
